Microsoft Visual Studio Solution File, Format Version 8.00
Project("{8BC9CEB8-8B4A-11D0-8D11-00A0C91BC942}") = "CPPTooltip_demo", "CPPTooltip_demo.vcproj", "{E7F4F4C0-F2E7-4667-BF98-C2F0D5944891}"
	ProjectSection(ProjectDependencies) = postProject
	EndProjectSection
EndProject
Global
	GlobalSection(DPCodeReviewSolutionGUID) = preSolution
		DPCodeReviewSolutionGUID = {00000000-0000-0000-0000-000000000000}
	EndGlobalSection
	GlobalSection(SolutionConfiguration) = preSolution
		Debug = Debug
		Release = Release
	EndGlobalSection
	GlobalSection(ProjectConfiguration) = postSolution
		{E7F4F4C0-F2E7-4667-BF98-C2F0D5944891}.Debug.ActiveCfg = Debug|Win32
		{E7F4F4C0-F2E7-4667-BF98-C2F0D5944891}.Debug.Build.0 = Debug|Win32
		{E7F4F4C0-F2E7-4667-BF98-C2F0D5944891}.Release.ActiveCfg = Release|Win32
		{E7F4F4C0-F2E7-4667-BF98-C2F0D5944891}.Release.Build.0 = Release|Win32
	EndGlobalSection
	GlobalSection(ExtensibilityGlobals) = postSolution
	EndGlobalSection
	GlobalSection(ExtensibilityAddIns) = postSolution
	EndGlobalSection
EndGlobal
