Microsoft Visual Studio Solution File, Format Version 8.00
Project("{8BC9CEB8-8B4A-11D0-8D11-00A0C91BC942}") = "CxImage", "cximage\cximage.vcproj", "{BE8A9317-4DCF-4E48-924F-586340636ED9}"
	ProjectSection(ProjectDependencies) = postProject
	EndProjectSection
EndProject
Project("{8BC9CEB8-8B4A-11D0-8D11-00A0C91BC942}") = "CxImageCrtDll", "CxImage\CxImageDLL\CxImageCrtDll.vcproj", "{B92D5F69-599C-4B2B-B2C1-D94199146DB1}"
	ProjectSection(ProjectDependencies) = postProject
		{CD305357-7705-48B8-8C72-D42431D14338} = {CD305357-7705-48B8-8C72-D42431D14338}
		{E8F87978-6818-44DF-9BE7-45463E7A9A55} = {E8F87978-6818-44DF-9BE7-45463E7A9A55}
		{19AE6B7C-D307-46A1-B549-2F6CFA30BBFB} = {19AE6B7C-D307-46A1-B549-2F6CFA30BBFB}
		{1BD84C82-F17F-4765-B7A8-D40E360CB422} = {1BD84C82-F17F-4765-B7A8-D40E360CB422}
		{602BD995-BEB9-4017-8749-B0ECD4773204} = {602BD995-BEB9-4017-8749-B0ECD4773204}
		{4CE51DB3-E9DF-4BB6-B182-8D28B5E1896F} = {4CE51DB3-E9DF-4BB6-B182-8D28B5E1896F}
		{D0D414BF-2D9A-42FF-8720-598089660DAE} = {D0D414BF-2D9A-42FF-8720-598089660DAE}
	EndProjectSection
EndProject
Project("{8BC9CEB8-8B4A-11D0-8D11-00A0C91BC942}") = "CxImageMfcDll", "CxImage\CxImageDLL\cximagemfcdll.vcproj", "{E8148E9F-04D0-4BAF-AA42-11CDFCA13398}"
	ProjectSection(ProjectDependencies) = postProject
		{CD305357-7705-48B8-8C72-D42431D14338} = {CD305357-7705-48B8-8C72-D42431D14338}
		{E8F87978-6818-44DF-9BE7-45463E7A9A55} = {E8F87978-6818-44DF-9BE7-45463E7A9A55}
		{19AE6B7C-D307-46A1-B549-2F6CFA30BBFB} = {19AE6B7C-D307-46A1-B549-2F6CFA30BBFB}
		{1BD84C82-F17F-4765-B7A8-D40E360CB422} = {1BD84C82-F17F-4765-B7A8-D40E360CB422}
		{602BD995-BEB9-4017-8749-B0ECD4773204} = {602BD995-BEB9-4017-8749-B0ECD4773204}
		{4CE51DB3-E9DF-4BB6-B182-8D28B5E1896F} = {4CE51DB3-E9DF-4BB6-B182-8D28B5E1896F}
		{D0D414BF-2D9A-42FF-8720-598089660DAE} = {D0D414BF-2D9A-42FF-8720-598089660DAE}
	EndProjectSection
EndProject
Project("{8BC9CEB8-8B4A-11D0-8D11-00A0C91BC942}") = "demo", "demo\demo.vcproj", "{C712EE37-74A3-4D75-A2DC-2BE2B08EEA50}"
	ProjectSection(ProjectDependencies) = postProject
		{BE8A9317-4DCF-4E48-924F-586340636ED9} = {BE8A9317-4DCF-4E48-924F-586340636ED9}
		{CD305357-7705-48B8-8C72-D42431D14338} = {CD305357-7705-48B8-8C72-D42431D14338}
		{E8F87978-6818-44DF-9BE7-45463E7A9A55} = {E8F87978-6818-44DF-9BE7-45463E7A9A55}
		{19AE6B7C-D307-46A1-B549-2F6CFA30BBFB} = {19AE6B7C-D307-46A1-B549-2F6CFA30BBFB}
		{1BD84C82-F17F-4765-B7A8-D40E360CB422} = {1BD84C82-F17F-4765-B7A8-D40E360CB422}
		{602BD995-BEB9-4017-8749-B0ECD4773204} = {602BD995-BEB9-4017-8749-B0ECD4773204}
		{4CE51DB3-E9DF-4BB6-B182-8D28B5E1896F} = {4CE51DB3-E9DF-4BB6-B182-8D28B5E1896F}
		{D0D414BF-2D9A-42FF-8720-598089660DAE} = {D0D414BF-2D9A-42FF-8720-598089660DAE}
	EndProjectSection
EndProject
Project("{8BC9CEB8-8B4A-11D0-8D11-00A0C91BC942}") = "demoDll", "demo\demoDLL.vcproj", "{3B18B773-80BB-4514-A87C-4C8C4DC071C2}"
	ProjectSection(ProjectDependencies) = postProject
		{B92D5F69-599C-4B2B-B2C1-D94199146DB1} = {B92D5F69-599C-4B2B-B2C1-D94199146DB1}
	EndProjectSection
EndProject
Project("{8BC9CEB8-8B4A-11D0-8D11-00A0C91BC942}") = "j2k", "j2k\j2k.vcproj", "{CD305357-7705-48B8-8C72-D42431D14338}"
	ProjectSection(ProjectDependencies) = postProject
	EndProjectSection
EndProject
Project("{8BC9CEB8-8B4A-11D0-8D11-00A0C91BC942}") = "jasper", "jasper\jasper.vcproj", "{19AE6B7C-D307-46A1-B549-2F6CFA30BBFB}"
	ProjectSection(ProjectDependencies) = postProject
	EndProjectSection
EndProject
Project("{8BC9CEB8-8B4A-11D0-8D11-00A0C91BC942}") = "jbig", "jbig\jbig.vcproj", "{1BD84C82-F17F-4765-B7A8-D40E360CB422}"
	ProjectSection(ProjectDependencies) = postProject
	EndProjectSection
EndProject
Project("{8BC9CEB8-8B4A-11D0-8D11-00A0C91BC942}") = "jpeg", "jpeg\Jpeg.vcproj", "{4CE51DB3-E9DF-4BB6-B182-8D28B5E1896F}"
	ProjectSection(ProjectDependencies) = postProject
	EndProjectSection
EndProject
Project("{8BC9CEB8-8B4A-11D0-8D11-00A0C91BC942}") = "png", "png\png.vcproj", "{D0D414BF-2D9A-42FF-8720-598089660DAE}"
	ProjectSection(ProjectDependencies) = postProject
	EndProjectSection
EndProject
Project("{8BC9CEB8-8B4A-11D0-8D11-00A0C91BC942}") = "tiff", "tiff\Tiff.vcproj", "{602BD995-BEB9-4017-8749-B0ECD4773204}"
	ProjectSection(ProjectDependencies) = postProject
	EndProjectSection
EndProject
Project("{8BC9CEB8-8B4A-11D0-8D11-00A0C91BC942}") = "zlib", "zlib\zlib.vcproj", "{E8F87978-6818-44DF-9BE7-45463E7A9A55}"
	ProjectSection(ProjectDependencies) = postProject
	EndProjectSection
EndProject
Project("{8BC9CEB8-8B4A-11D0-8D11-00A0C91BC942}") = "mng", "mng\mng.vcproj", "{E4E228EF-08C7-4967-8BFD-6F88EFAFC72F}"
	ProjectSection(ProjectDependencies) = postProject
	EndProjectSection
EndProject
Global
	GlobalSection(SolutionConfiguration) = preSolution
		Debug = Debug
		Release = Release
	EndGlobalSection
	GlobalSection(ProjectConfiguration) = postSolution
		{BE8A9317-4DCF-4E48-924F-586340636ED9}.Debug.ActiveCfg = Debug|Win32
		{BE8A9317-4DCF-4E48-924F-586340636ED9}.Debug.Build.0 = Debug|Win32
		{BE8A9317-4DCF-4E48-924F-586340636ED9}.Release.ActiveCfg = Release|Win32
		{BE8A9317-4DCF-4E48-924F-586340636ED9}.Release.Build.0 = Release|Win32
		{B92D5F69-599C-4B2B-B2C1-D94199146DB1}.Debug.ActiveCfg = Debug|Win32
		{B92D5F69-599C-4B2B-B2C1-D94199146DB1}.Debug.Build.0 = Debug|Win32
		{B92D5F69-599C-4B2B-B2C1-D94199146DB1}.Release.ActiveCfg = Release|Win32
		{B92D5F69-599C-4B2B-B2C1-D94199146DB1}.Release.Build.0 = Release|Win32
		{E8148E9F-04D0-4BAF-AA42-11CDFCA13398}.Debug.ActiveCfg = Debug|Win32
		{E8148E9F-04D0-4BAF-AA42-11CDFCA13398}.Debug.Build.0 = Debug|Win32
		{E8148E9F-04D0-4BAF-AA42-11CDFCA13398}.Release.ActiveCfg = Release|Win32
		{E8148E9F-04D0-4BAF-AA42-11CDFCA13398}.Release.Build.0 = Release|Win32
		{C712EE37-74A3-4D75-A2DC-2BE2B08EEA50}.Debug.ActiveCfg = Debug|Win32
		{C712EE37-74A3-4D75-A2DC-2BE2B08EEA50}.Debug.Build.0 = Debug|Win32
		{C712EE37-74A3-4D75-A2DC-2BE2B08EEA50}.Release.ActiveCfg = Release|Win32
		{C712EE37-74A3-4D75-A2DC-2BE2B08EEA50}.Release.Build.0 = Release|Win32
		{3B18B773-80BB-4514-A87C-4C8C4DC071C2}.Debug.ActiveCfg = Debug|Win32
		{3B18B773-80BB-4514-A87C-4C8C4DC071C2}.Debug.Build.0 = Debug|Win32
		{3B18B773-80BB-4514-A87C-4C8C4DC071C2}.Release.ActiveCfg = Release|Win32
		{3B18B773-80BB-4514-A87C-4C8C4DC071C2}.Release.Build.0 = Release|Win32
		{CD305357-7705-48B8-8C72-D42431D14338}.Debug.ActiveCfg = Debug|Win32
		{CD305357-7705-48B8-8C72-D42431D14338}.Debug.Build.0 = Debug|Win32
		{CD305357-7705-48B8-8C72-D42431D14338}.Release.ActiveCfg = Release|Win32
		{CD305357-7705-48B8-8C72-D42431D14338}.Release.Build.0 = Release|Win32
		{19AE6B7C-D307-46A1-B549-2F6CFA30BBFB}.Debug.ActiveCfg = Debug|Win32
		{19AE6B7C-D307-46A1-B549-2F6CFA30BBFB}.Debug.Build.0 = Debug|Win32
		{19AE6B7C-D307-46A1-B549-2F6CFA30BBFB}.Release.ActiveCfg = Release|Win32
		{19AE6B7C-D307-46A1-B549-2F6CFA30BBFB}.Release.Build.0 = Release|Win32
		{1BD84C82-F17F-4765-B7A8-D40E360CB422}.Debug.ActiveCfg = Debug|Win32
		{1BD84C82-F17F-4765-B7A8-D40E360CB422}.Debug.Build.0 = Debug|Win32
		{1BD84C82-F17F-4765-B7A8-D40E360CB422}.Release.ActiveCfg = Release|Win32
		{1BD84C82-F17F-4765-B7A8-D40E360CB422}.Release.Build.0 = Release|Win32
		{4CE51DB3-E9DF-4BB6-B182-8D28B5E1896F}.Debug.ActiveCfg = Debug|Win32
		{4CE51DB3-E9DF-4BB6-B182-8D28B5E1896F}.Debug.Build.0 = Debug|Win32
		{4CE51DB3-E9DF-4BB6-B182-8D28B5E1896F}.Release.ActiveCfg = Release|Win32
		{4CE51DB3-E9DF-4BB6-B182-8D28B5E1896F}.Release.Build.0 = Release|Win32
		{D0D414BF-2D9A-42FF-8720-598089660DAE}.Debug.ActiveCfg = Debug|Win32
		{D0D414BF-2D9A-42FF-8720-598089660DAE}.Debug.Build.0 = Debug|Win32
		{D0D414BF-2D9A-42FF-8720-598089660DAE}.Release.ActiveCfg = Release|Win32
		{D0D414BF-2D9A-42FF-8720-598089660DAE}.Release.Build.0 = Release|Win32
		{602BD995-BEB9-4017-8749-B0ECD4773204}.Debug.ActiveCfg = Debug|Win32
		{602BD995-BEB9-4017-8749-B0ECD4773204}.Debug.Build.0 = Debug|Win32
		{602BD995-BEB9-4017-8749-B0ECD4773204}.Release.ActiveCfg = Release|Win32
		{602BD995-BEB9-4017-8749-B0ECD4773204}.Release.Build.0 = Release|Win32
		{E8F87978-6818-44DF-9BE7-45463E7A9A55}.Debug.ActiveCfg = Debug|Win32
		{E8F87978-6818-44DF-9BE7-45463E7A9A55}.Debug.Build.0 = Debug|Win32
		{E8F87978-6818-44DF-9BE7-45463E7A9A55}.Release.ActiveCfg = Release|Win32
		{E8F87978-6818-44DF-9BE7-45463E7A9A55}.Release.Build.0 = Release|Win32
		{E4E228EF-08C7-4967-8BFD-6F88EFAFC72F}.Debug.ActiveCfg = Debug|Win32
		{E4E228EF-08C7-4967-8BFD-6F88EFAFC72F}.Debug.Build.0 = Debug|Win32
		{E4E228EF-08C7-4967-8BFD-6F88EFAFC72F}.Release.ActiveCfg = Release|Win32
		{E4E228EF-08C7-4967-8BFD-6F88EFAFC72F}.Release.Build.0 = Release|Win32
	EndGlobalSection
	GlobalSection(ExtensibilityGlobals) = postSolution
	EndGlobalSection
	GlobalSection(ExtensibilityAddIns) = postSolution
	EndGlobalSection
EndGlobal
