Microsoft Visual Studio Solution File, Format Version 7.00
Project("{8BC9CEB8-8B4A-11D0-8D11-00A0C91BC942}") = "DRAWCLI", "..\Samples\DRAWCLI\DRAWCLI_700.vcproj", "{664B53AB-FBD3-421E-9ECD-AC8AF25145B0}"
EndProject
Project("{8BC9CEB8-8B4A-11D0-8D11-00A0C91BC942}") = "FixedSizePanels", "..\Samples\FixedSizePanels\FixedSizePanels_700.vcproj", "{0969D8DC-4325-4984-AEA3-6E8E4E406EB2}"
EndProject
Project("{8BC9CEB8-8B4A-11D0-8D11-00A0C91BC942}") = "FullScreenState", "..\Samples\FullScreenState\FullScreenState_700.vcproj", "{C7B57221-88B9-41C0-8E6E-BD99C731A489}"
EndProject
Project("{8BC9CEB8-8B4A-11D0-8D11-00A0C91BC942}") = "FunnyBars", "..\Samples\FunnyBars\FunnyBars_700.vcproj", "{74FC7774-93F7-4004-AD99-9FBD1350AC32}"
EndProject
Project("{8BC9CEB8-8B4A-11D0-8D11-00A0C91BC942}") = "GLViews", "..\Samples\GLViews\GLViews_700.vcproj", "{A350BB50-5F7D-4F64-864E-13509359AF96}"
EndProject
Project("{8BC9CEB8-8B4A-11D0-8D11-00A0C91BC942}") = "MDI", "..\Samples\MDI\MDI_700.vcproj", "{D12F5E4D-2869-4175-9D2B-78369D018373}"
EndProject
Project("{8BC9CEB8-8B4A-11D0-8D11-00A0C91BC942}") = "MDIDOCVIEW", "..\Samples\MDIDOCVIEW\MDIDOCVIEW_700.vcproj", "{DF03B0A5-FAE9-4617-8037-102AF0181FF2}"
EndProject
Project("{8BC9CEB8-8B4A-11D0-8D11-00A0C91BC942}") = "MDI_InnerOuterBars", "..\Samples\MDI_InnerOuterBars\MDI_InnerOuterBars_700.vcproj", "{105F6258-C217-4D85-9CBA-83157DF75E4F}"
EndProject
Project("{8BC9CEB8-8B4A-11D0-8D11-00A0C91BC942}") = "MthOutput", "..\Samples\MthOutput\MthOutput_700.vcproj", "{E6F736AE-DFD6-4BFC-88EC-4F6D93B26DFA}"
EndProject
Project("{8BC9CEB8-8B4A-11D0-8D11-00A0C91BC942}") = "ProfUIS_Controls", "..\Samples\ProfUIS_Controls\ProfUIS_Controls_700.vcproj", "{84FA5777-D883-4B6B-94BC-C475992749F0}"
EndProject
Project("{8BC9CEB8-8B4A-11D0-8D11-00A0C91BC942}") = "ResizableChildSheet", "..\Samples\ResizableChildSheet\ResizableChildSheet_700.vcproj", "{F5264ADD-AC34-44DA-9390-1E7A0AA91F2E}"
EndProject
Project("{8BC9CEB8-8B4A-11D0-8D11-00A0C91BC942}") = "ResizablePropertySheet", "..\Samples\ResizablePropertySheet\ResizablePropertySheet_700.vcproj", "{2D8B2D92-E162-4727-925A-CE82FAE81807}"
EndProject
Project("{8BC9CEB8-8B4A-11D0-8D11-00A0C91BC942}") = "SDI", "..\Samples\SDI\SDI_700.vcproj", "{CF078085-D96E-4DBD-8BF0-DEB2BE72F29F}"
EndProject
Project("{8BC9CEB8-8B4A-11D0-8D11-00A0C91BC942}") = "SDIDOCVIEW", "..\Samples\SDIDOCVIEW\SDIDOCVIEW_700.vcproj", "{8E055629-CF17-49C9-8171-2D3BE2758149}"
EndProject
Project("{8BC9CEB8-8B4A-11D0-8D11-00A0C91BC942}") = "StateInFile", "..\Samples\StateInFile\StateInFile_700.vcproj", "{83EDD1E2-7EA9-433F-B501-3450E720E7C9}"
EndProject
Project("{8BC9CEB8-8B4A-11D0-8D11-00A0C91BC942}") = "profuisdll", "..\profuisdll\profuisdll_700.vcproj", "{CCE2C911-4C2D-493F-B714-44F24F3C8D6F}"
EndProject
Project("{8BC9CEB8-8B4A-11D0-8D11-00A0C91BC942}") = "profuislib", "..\profuislib\profuislib_700.vcproj", "{0C8409E8-025D-43C6-AC07-84499866EFE8}"
EndProject
Project("{8BC9CEB8-8B4A-11D0-8D11-00A0C91BC942}") = "StatusPanes", "..\Samples\StatusPanes\StatusPanes_700.vcproj", "{99112C24-7FB3-44F1-8AE9-DF34EC397836}"
EndProject
Project("{8BC9CEB8-8B4A-11D0-8D11-00A0C91BC942}") = "AviFrames", "..\Samples\AviFrames\AviFrames_700.vcproj", "{7C5BE9BE-035F-4715-B900-0F0A363E4F43}"
EndProject
Global
	GlobalSection(SolutionConfiguration) = preSolution
		ConfigName.0 = ANSI Debug
		ConfigName.1 = ANSI Release
		ConfigName.2 = MBCS Debug
		ConfigName.3 = MBCS Release
		ConfigName.4 = Static ANSI Debug
		ConfigName.5 = Static ANSI Release
		ConfigName.6 = Static ANSI Release with MFC DLL
		ConfigName.7 = Static MBCS Debug
		ConfigName.8 = Static MBCS Debug with MFC DLL
		ConfigName.9 = Static MBCS Release
		ConfigName.10 = Static MBCS Release with MFC DLL
		ConfigName.11 = Static Unicode Debug
		ConfigName.12 = Static Unicode Release
		ConfigName.13 = Unicode Debug
		ConfigName.14 = Unicode Release
	EndGlobalSection
	GlobalSection(ProjectDependencies) = postSolution
	EndGlobalSection
	GlobalSection(ProjectConfiguration) = postSolution
		{664B53AB-FBD3-421E-9ECD-AC8AF25145B0}.ANSI Debug.ActiveCfg = ANSI Debug|Win32
		{664B53AB-FBD3-421E-9ECD-AC8AF25145B0}.ANSI Debug.Build.0 = ANSI Debug|Win32
		{664B53AB-FBD3-421E-9ECD-AC8AF25145B0}.ANSI Release.ActiveCfg = ANSI Release|Win32
		{664B53AB-FBD3-421E-9ECD-AC8AF25145B0}.ANSI Release.Build.0 = ANSI Release|Win32
		{664B53AB-FBD3-421E-9ECD-AC8AF25145B0}.MBCS Debug.ActiveCfg = MBCS Debug|Win32
		{664B53AB-FBD3-421E-9ECD-AC8AF25145B0}.MBCS Release.ActiveCfg = MBCS Release|Win32
		{664B53AB-FBD3-421E-9ECD-AC8AF25145B0}.MBCS Release.Build.0 = MBCS Release|Win32
		{664B53AB-FBD3-421E-9ECD-AC8AF25145B0}.Static ANSI Debug.ActiveCfg = Static ANSI Debug|Win32
		{664B53AB-FBD3-421E-9ECD-AC8AF25145B0}.Static ANSI Debug.Build.0 = Static ANSI Debug|Win32
		{664B53AB-FBD3-421E-9ECD-AC8AF25145B0}.Static ANSI Release.ActiveCfg = Static ANSI Release|Win32
		{664B53AB-FBD3-421E-9ECD-AC8AF25145B0}.Static ANSI Release.Build.0 = Static ANSI Release|Win32
		{664B53AB-FBD3-421E-9ECD-AC8AF25145B0}.Static ANSI Release with MFC DLL.ActiveCfg = Static ANSI Release with MFC DLL|Win32
		{664B53AB-FBD3-421E-9ECD-AC8AF25145B0}.Static ANSI Release with MFC DLL.Build.0 = Static ANSI Release with MFC DLL|Win32
		{664B53AB-FBD3-421E-9ECD-AC8AF25145B0}.Static MBCS Debug.ActiveCfg = Static MBCS Debug|Win32
		{664B53AB-FBD3-421E-9ECD-AC8AF25145B0}.Static MBCS Debug with MFC DLL.ActiveCfg = Static MBCS Debug with MFC DLL|Win32
		{664B53AB-FBD3-421E-9ECD-AC8AF25145B0}.Static MBCS Debug with MFC DLL.Build.0 = Static MBCS Debug with MFC DLL|Win32
		{664B53AB-FBD3-421E-9ECD-AC8AF25145B0}.Static MBCS Release.ActiveCfg = Static MBCS Release|Win32
		{664B53AB-FBD3-421E-9ECD-AC8AF25145B0}.Static MBCS Release.Build.0 = Static MBCS Release|Win32
		{664B53AB-FBD3-421E-9ECD-AC8AF25145B0}.Static MBCS Release with MFC DLL.ActiveCfg = Static MBCS Release with MFC DLL|Win32
		{664B53AB-FBD3-421E-9ECD-AC8AF25145B0}.Static MBCS Release with MFC DLL.Build.0 = Static MBCS Release with MFC DLL|Win32
		{664B53AB-FBD3-421E-9ECD-AC8AF25145B0}.Static Unicode Debug.ActiveCfg = Static Unicode Debug|Win32
		{664B53AB-FBD3-421E-9ECD-AC8AF25145B0}.Static Unicode Debug.Build.0 = Static Unicode Debug|Win32
		{664B53AB-FBD3-421E-9ECD-AC8AF25145B0}.Static Unicode Release.ActiveCfg = Static Unicode Release|Win32
		{664B53AB-FBD3-421E-9ECD-AC8AF25145B0}.Static Unicode Release.Build.0 = Static Unicode Release|Win32
		{664B53AB-FBD3-421E-9ECD-AC8AF25145B0}.Unicode Debug.ActiveCfg = Unicode Debug|Win32
		{664B53AB-FBD3-421E-9ECD-AC8AF25145B0}.Unicode Debug.Build.0 = Unicode Debug|Win32
		{664B53AB-FBD3-421E-9ECD-AC8AF25145B0}.Unicode Release.ActiveCfg = Unicode Release|Win32
		{664B53AB-FBD3-421E-9ECD-AC8AF25145B0}.Unicode Release.Build.0 = Unicode Release|Win32
		{0969D8DC-4325-4984-AEA3-6E8E4E406EB2}.ANSI Debug.ActiveCfg = ANSI Debug|Win32
		{0969D8DC-4325-4984-AEA3-6E8E4E406EB2}.ANSI Debug.Build.0 = ANSI Debug|Win32
		{0969D8DC-4325-4984-AEA3-6E8E4E406EB2}.ANSI Release.ActiveCfg = ANSI Release|Win32
		{0969D8DC-4325-4984-AEA3-6E8E4E406EB2}.ANSI Release.Build.0 = ANSI Release|Win32
		{0969D8DC-4325-4984-AEA3-6E8E4E406EB2}.MBCS Debug.ActiveCfg = MBCS Debug|Win32
		{0969D8DC-4325-4984-AEA3-6E8E4E406EB2}.MBCS Release.ActiveCfg = MBCS Release|Win32
		{0969D8DC-4325-4984-AEA3-6E8E4E406EB2}.MBCS Release.Build.0 = MBCS Release|Win32
		{0969D8DC-4325-4984-AEA3-6E8E4E406EB2}.Static ANSI Debug.ActiveCfg = Static ANSI Debug|Win32
		{0969D8DC-4325-4984-AEA3-6E8E4E406EB2}.Static ANSI Debug.Build.0 = Static ANSI Debug|Win32
		{0969D8DC-4325-4984-AEA3-6E8E4E406EB2}.Static ANSI Release.ActiveCfg = Static ANSI Release|Win32
		{0969D8DC-4325-4984-AEA3-6E8E4E406EB2}.Static ANSI Release.Build.0 = Static ANSI Release|Win32
		{0969D8DC-4325-4984-AEA3-6E8E4E406EB2}.Static ANSI Release with MFC DLL.ActiveCfg = Static ANSI Release with MFC DLL|Win32
		{0969D8DC-4325-4984-AEA3-6E8E4E406EB2}.Static ANSI Release with MFC DLL.Build.0 = Static ANSI Release with MFC DLL|Win32
		{0969D8DC-4325-4984-AEA3-6E8E4E406EB2}.Static MBCS Debug.ActiveCfg = Static MBCS Debug|Win32
		{0969D8DC-4325-4984-AEA3-6E8E4E406EB2}.Static MBCS Debug with MFC DLL.ActiveCfg = Static MBCS Debug with MFC DLL|Win32
		{0969D8DC-4325-4984-AEA3-6E8E4E406EB2}.Static MBCS Debug with MFC DLL.Build.0 = Static MBCS Debug with MFC DLL|Win32
		{0969D8DC-4325-4984-AEA3-6E8E4E406EB2}.Static MBCS Release.ActiveCfg = Static MBCS Release|Win32
		{0969D8DC-4325-4984-AEA3-6E8E4E406EB2}.Static MBCS Release.Build.0 = Static MBCS Release|Win32
		{0969D8DC-4325-4984-AEA3-6E8E4E406EB2}.Static MBCS Release with MFC DLL.ActiveCfg = Static MBCS Release with MFC DLL|Win32
		{0969D8DC-4325-4984-AEA3-6E8E4E406EB2}.Static MBCS Release with MFC DLL.Build.0 = Static MBCS Release with MFC DLL|Win32
		{0969D8DC-4325-4984-AEA3-6E8E4E406EB2}.Static Unicode Debug.ActiveCfg = Static Unicode Debug|Win32
		{0969D8DC-4325-4984-AEA3-6E8E4E406EB2}.Static Unicode Debug.Build.0 = Static Unicode Debug|Win32
		{0969D8DC-4325-4984-AEA3-6E8E4E406EB2}.Static Unicode Release.ActiveCfg = Static Unicode Release|Win32
		{0969D8DC-4325-4984-AEA3-6E8E4E406EB2}.Static Unicode Release.Build.0 = Static Unicode Release|Win32
		{0969D8DC-4325-4984-AEA3-6E8E4E406EB2}.Unicode Debug.ActiveCfg = Unicode Debug|Win32
		{0969D8DC-4325-4984-AEA3-6E8E4E406EB2}.Unicode Debug.Build.0 = Unicode Debug|Win32
		{0969D8DC-4325-4984-AEA3-6E8E4E406EB2}.Unicode Release.ActiveCfg = Unicode Release|Win32
		{0969D8DC-4325-4984-AEA3-6E8E4E406EB2}.Unicode Release.Build.0 = Unicode Release|Win32
		{C7B57221-88B9-41C0-8E6E-BD99C731A489}.ANSI Debug.ActiveCfg = ANSI Debug|Win32
		{C7B57221-88B9-41C0-8E6E-BD99C731A489}.ANSI Debug.Build.0 = ANSI Debug|Win32
		{C7B57221-88B9-41C0-8E6E-BD99C731A489}.ANSI Release.ActiveCfg = ANSI Release|Win32
		{C7B57221-88B9-41C0-8E6E-BD99C731A489}.ANSI Release.Build.0 = ANSI Release|Win32
		{C7B57221-88B9-41C0-8E6E-BD99C731A489}.MBCS Debug.ActiveCfg = MBCS Debug|Win32
		{C7B57221-88B9-41C0-8E6E-BD99C731A489}.MBCS Release.ActiveCfg = MBCS Release|Win32
		{C7B57221-88B9-41C0-8E6E-BD99C731A489}.MBCS Release.Build.0 = MBCS Release|Win32
		{C7B57221-88B9-41C0-8E6E-BD99C731A489}.Static ANSI Debug.ActiveCfg = Static ANSI Debug|Win32
		{C7B57221-88B9-41C0-8E6E-BD99C731A489}.Static ANSI Debug.Build.0 = Static ANSI Debug|Win32
		{C7B57221-88B9-41C0-8E6E-BD99C731A489}.Static ANSI Release.ActiveCfg = Static ANSI Release|Win32
		{C7B57221-88B9-41C0-8E6E-BD99C731A489}.Static ANSI Release.Build.0 = Static ANSI Release|Win32
		{C7B57221-88B9-41C0-8E6E-BD99C731A489}.Static ANSI Release with MFC DLL.ActiveCfg = Static ANSI Release with MFC DLL|Win32
		{C7B57221-88B9-41C0-8E6E-BD99C731A489}.Static ANSI Release with MFC DLL.Build.0 = Static ANSI Release with MFC DLL|Win32
		{C7B57221-88B9-41C0-8E6E-BD99C731A489}.Static MBCS Debug.ActiveCfg = Static MBCS Debug|Win32
		{C7B57221-88B9-41C0-8E6E-BD99C731A489}.Static MBCS Debug with MFC DLL.ActiveCfg = Static MBCS Debug with MFC DLL|Win32
		{C7B57221-88B9-41C0-8E6E-BD99C731A489}.Static MBCS Debug with MFC DLL.Build.0 = Static MBCS Debug with MFC DLL|Win32
		{C7B57221-88B9-41C0-8E6E-BD99C731A489}.Static MBCS Release.ActiveCfg = Static MBCS Release|Win32
		{C7B57221-88B9-41C0-8E6E-BD99C731A489}.Static MBCS Release.Build.0 = Static MBCS Release|Win32
		{C7B57221-88B9-41C0-8E6E-BD99C731A489}.Static MBCS Release with MFC DLL.ActiveCfg = Static MBCS Release with MFC DLL|Win32
		{C7B57221-88B9-41C0-8E6E-BD99C731A489}.Static MBCS Release with MFC DLL.Build.0 = Static MBCS Release with MFC DLL|Win32
		{C7B57221-88B9-41C0-8E6E-BD99C731A489}.Static Unicode Debug.ActiveCfg = Static Unicode Debug|Win32
		{C7B57221-88B9-41C0-8E6E-BD99C731A489}.Static Unicode Debug.Build.0 = Static Unicode Debug|Win32
		{C7B57221-88B9-41C0-8E6E-BD99C731A489}.Static Unicode Release.ActiveCfg = Static Unicode Release|Win32
		{C7B57221-88B9-41C0-8E6E-BD99C731A489}.Static Unicode Release.Build.0 = Static Unicode Release|Win32
		{C7B57221-88B9-41C0-8E6E-BD99C731A489}.Unicode Debug.ActiveCfg = Unicode Debug|Win32
		{C7B57221-88B9-41C0-8E6E-BD99C731A489}.Unicode Debug.Build.0 = Unicode Debug|Win32
		{C7B57221-88B9-41C0-8E6E-BD99C731A489}.Unicode Release.ActiveCfg = Unicode Release|Win32
		{C7B57221-88B9-41C0-8E6E-BD99C731A489}.Unicode Release.Build.0 = Unicode Release|Win32
		{74FC7774-93F7-4004-AD99-9FBD1350AC32}.ANSI Debug.ActiveCfg = ANSI Debug|Win32
		{74FC7774-93F7-4004-AD99-9FBD1350AC32}.ANSI Debug.Build.0 = ANSI Debug|Win32
		{74FC7774-93F7-4004-AD99-9FBD1350AC32}.ANSI Release.ActiveCfg = ANSI Release|Win32
		{74FC7774-93F7-4004-AD99-9FBD1350AC32}.ANSI Release.Build.0 = ANSI Release|Win32
		{74FC7774-93F7-4004-AD99-9FBD1350AC32}.MBCS Debug.ActiveCfg = MBCS Debug|Win32
		{74FC7774-93F7-4004-AD99-9FBD1350AC32}.MBCS Release.ActiveCfg = MBCS Release|Win32
		{74FC7774-93F7-4004-AD99-9FBD1350AC32}.MBCS Release.Build.0 = MBCS Release|Win32
		{74FC7774-93F7-4004-AD99-9FBD1350AC32}.Static ANSI Debug.ActiveCfg = Static ANSI Debug|Win32
		{74FC7774-93F7-4004-AD99-9FBD1350AC32}.Static ANSI Debug.Build.0 = Static ANSI Debug|Win32
		{74FC7774-93F7-4004-AD99-9FBD1350AC32}.Static ANSI Release.ActiveCfg = Static ANSI Release|Win32
		{74FC7774-93F7-4004-AD99-9FBD1350AC32}.Static ANSI Release.Build.0 = Static ANSI Release|Win32
		{74FC7774-93F7-4004-AD99-9FBD1350AC32}.Static ANSI Release with MFC DLL.ActiveCfg = Static ANSI Release with MFC DLL|Win32
		{74FC7774-93F7-4004-AD99-9FBD1350AC32}.Static ANSI Release with MFC DLL.Build.0 = Static ANSI Release with MFC DLL|Win32
		{74FC7774-93F7-4004-AD99-9FBD1350AC32}.Static MBCS Debug.ActiveCfg = Static MBCS Debug|Win32
		{74FC7774-93F7-4004-AD99-9FBD1350AC32}.Static MBCS Debug with MFC DLL.ActiveCfg = Static MBCS Debug with MFC DLL|Win32
		{74FC7774-93F7-4004-AD99-9FBD1350AC32}.Static MBCS Debug with MFC DLL.Build.0 = Static MBCS Debug with MFC DLL|Win32
		{74FC7774-93F7-4004-AD99-9FBD1350AC32}.Static MBCS Release.ActiveCfg = Static MBCS Release|Win32
		{74FC7774-93F7-4004-AD99-9FBD1350AC32}.Static MBCS Release.Build.0 = Static MBCS Release|Win32
		{74FC7774-93F7-4004-AD99-9FBD1350AC32}.Static MBCS Release with MFC DLL.ActiveCfg = Static MBCS Release with MFC DLL|Win32
		{74FC7774-93F7-4004-AD99-9FBD1350AC32}.Static MBCS Release with MFC DLL.Build.0 = Static MBCS Release with MFC DLL|Win32
		{74FC7774-93F7-4004-AD99-9FBD1350AC32}.Static Unicode Debug.ActiveCfg = Static Unicode Debug|Win32
		{74FC7774-93F7-4004-AD99-9FBD1350AC32}.Static Unicode Debug.Build.0 = Static Unicode Debug|Win32
		{74FC7774-93F7-4004-AD99-9FBD1350AC32}.Static Unicode Release.ActiveCfg = Static Unicode Release|Win32
		{74FC7774-93F7-4004-AD99-9FBD1350AC32}.Static Unicode Release.Build.0 = Static Unicode Release|Win32
		{74FC7774-93F7-4004-AD99-9FBD1350AC32}.Unicode Debug.ActiveCfg = Unicode Debug|Win32
		{74FC7774-93F7-4004-AD99-9FBD1350AC32}.Unicode Debug.Build.0 = Unicode Debug|Win32
		{74FC7774-93F7-4004-AD99-9FBD1350AC32}.Unicode Release.ActiveCfg = Unicode Release|Win32
		{74FC7774-93F7-4004-AD99-9FBD1350AC32}.Unicode Release.Build.0 = Unicode Release|Win32
		{A350BB50-5F7D-4F64-864E-13509359AF96}.ANSI Debug.ActiveCfg = ANSI Debug|Win32
		{A350BB50-5F7D-4F64-864E-13509359AF96}.ANSI Debug.Build.0 = ANSI Debug|Win32
		{A350BB50-5F7D-4F64-864E-13509359AF96}.ANSI Release.ActiveCfg = ANSI Release|Win32
		{A350BB50-5F7D-4F64-864E-13509359AF96}.ANSI Release.Build.0 = ANSI Release|Win32
		{A350BB50-5F7D-4F64-864E-13509359AF96}.MBCS Debug.ActiveCfg = MBCS Debug|Win32
		{A350BB50-5F7D-4F64-864E-13509359AF96}.MBCS Release.ActiveCfg = MBCS Release|Win32
		{A350BB50-5F7D-4F64-864E-13509359AF96}.MBCS Release.Build.0 = MBCS Release|Win32
		{A350BB50-5F7D-4F64-864E-13509359AF96}.Static ANSI Debug.ActiveCfg = Static ANSI Debug|Win32
		{A350BB50-5F7D-4F64-864E-13509359AF96}.Static ANSI Debug.Build.0 = Static ANSI Debug|Win32
		{A350BB50-5F7D-4F64-864E-13509359AF96}.Static ANSI Release.ActiveCfg = Static ANSI Release|Win32
		{A350BB50-5F7D-4F64-864E-13509359AF96}.Static ANSI Release.Build.0 = Static ANSI Release|Win32
		{A350BB50-5F7D-4F64-864E-13509359AF96}.Static ANSI Release with MFC DLL.ActiveCfg = Static ANSI Release with MFC DLL|Win32
		{A350BB50-5F7D-4F64-864E-13509359AF96}.Static ANSI Release with MFC DLL.Build.0 = Static ANSI Release with MFC DLL|Win32
		{A350BB50-5F7D-4F64-864E-13509359AF96}.Static MBCS Debug.ActiveCfg = Static MBCS Debug|Win32
		{A350BB50-5F7D-4F64-864E-13509359AF96}.Static MBCS Debug with MFC DLL.ActiveCfg = Static MBCS Debug with MFC DLL|Win32
		{A350BB50-5F7D-4F64-864E-13509359AF96}.Static MBCS Debug with MFC DLL.Build.0 = Static MBCS Debug with MFC DLL|Win32
		{A350BB50-5F7D-4F64-864E-13509359AF96}.Static MBCS Release.ActiveCfg = Static MBCS Release|Win32
		{A350BB50-5F7D-4F64-864E-13509359AF96}.Static MBCS Release.Build.0 = Static MBCS Release|Win32
		{A350BB50-5F7D-4F64-864E-13509359AF96}.Static MBCS Release with MFC DLL.ActiveCfg = Static MBCS Release with MFC DLL|Win32
		{A350BB50-5F7D-4F64-864E-13509359AF96}.Static MBCS Release with MFC DLL.Build.0 = Static MBCS Release with MFC DLL|Win32
		{A350BB50-5F7D-4F64-864E-13509359AF96}.Static Unicode Debug.ActiveCfg = Static Unicode Debug|Win32
		{A350BB50-5F7D-4F64-864E-13509359AF96}.Static Unicode Debug.Build.0 = Static Unicode Debug|Win32
		{A350BB50-5F7D-4F64-864E-13509359AF96}.Static Unicode Release.ActiveCfg = Static Unicode Release|Win32
		{A350BB50-5F7D-4F64-864E-13509359AF96}.Static Unicode Release.Build.0 = Static Unicode Release|Win32
		{A350BB50-5F7D-4F64-864E-13509359AF96}.Unicode Debug.ActiveCfg = Unicode Debug|Win32
		{A350BB50-5F7D-4F64-864E-13509359AF96}.Unicode Debug.Build.0 = Unicode Debug|Win32
		{A350BB50-5F7D-4F64-864E-13509359AF96}.Unicode Release.ActiveCfg = Unicode Release|Win32
		{A350BB50-5F7D-4F64-864E-13509359AF96}.Unicode Release.Build.0 = Unicode Release|Win32
		{D12F5E4D-2869-4175-9D2B-78369D018373}.ANSI Debug.ActiveCfg = ANSI Debug|Win32
		{D12F5E4D-2869-4175-9D2B-78369D018373}.ANSI Debug.Build.0 = ANSI Debug|Win32
		{D12F5E4D-2869-4175-9D2B-78369D018373}.ANSI Release.ActiveCfg = ANSI Release|Win32
		{D12F5E4D-2869-4175-9D2B-78369D018373}.ANSI Release.Build.0 = ANSI Release|Win32
		{D12F5E4D-2869-4175-9D2B-78369D018373}.MBCS Debug.ActiveCfg = MBCS Debug|Win32
		{D12F5E4D-2869-4175-9D2B-78369D018373}.MBCS Release.ActiveCfg = MBCS Release|Win32
		{D12F5E4D-2869-4175-9D2B-78369D018373}.MBCS Release.Build.0 = MBCS Release|Win32
		{D12F5E4D-2869-4175-9D2B-78369D018373}.Static ANSI Debug.ActiveCfg = Static ANSI Debug|Win32
		{D12F5E4D-2869-4175-9D2B-78369D018373}.Static ANSI Debug.Build.0 = Static ANSI Debug|Win32
		{D12F5E4D-2869-4175-9D2B-78369D018373}.Static ANSI Release.ActiveCfg = Static ANSI Release|Win32
		{D12F5E4D-2869-4175-9D2B-78369D018373}.Static ANSI Release.Build.0 = Static ANSI Release|Win32
		{D12F5E4D-2869-4175-9D2B-78369D018373}.Static ANSI Release with MFC DLL.ActiveCfg = Static ANSI Release with MFC DLL|Win32
		{D12F5E4D-2869-4175-9D2B-78369D018373}.Static ANSI Release with MFC DLL.Build.0 = Static ANSI Release with MFC DLL|Win32
		{D12F5E4D-2869-4175-9D2B-78369D018373}.Static MBCS Debug.ActiveCfg = Static MBCS Debug|Win32
		{D12F5E4D-2869-4175-9D2B-78369D018373}.Static MBCS Debug with MFC DLL.ActiveCfg = Static MBCS Debug with MFC DLL|Win32
		{D12F5E4D-2869-4175-9D2B-78369D018373}.Static MBCS Debug with MFC DLL.Build.0 = Static MBCS Debug with MFC DLL|Win32
		{D12F5E4D-2869-4175-9D2B-78369D018373}.Static MBCS Release.ActiveCfg = Static MBCS Release|Win32
		{D12F5E4D-2869-4175-9D2B-78369D018373}.Static MBCS Release.Build.0 = Static MBCS Release|Win32
		{D12F5E4D-2869-4175-9D2B-78369D018373}.Static MBCS Release with MFC DLL.ActiveCfg = Static MBCS Release with MFC DLL|Win32
		{D12F5E4D-2869-4175-9D2B-78369D018373}.Static MBCS Release with MFC DLL.Build.0 = Static MBCS Release with MFC DLL|Win32
		{D12F5E4D-2869-4175-9D2B-78369D018373}.Static Unicode Debug.ActiveCfg = Static Unicode Debug|Win32
		{D12F5E4D-2869-4175-9D2B-78369D018373}.Static Unicode Debug.Build.0 = Static Unicode Debug|Win32
		{D12F5E4D-2869-4175-9D2B-78369D018373}.Static Unicode Release.ActiveCfg = Static Unicode Release|Win32
		{D12F5E4D-2869-4175-9D2B-78369D018373}.Static Unicode Release.Build.0 = Static Unicode Release|Win32
		{D12F5E4D-2869-4175-9D2B-78369D018373}.Unicode Debug.ActiveCfg = Unicode Debug|Win32
		{D12F5E4D-2869-4175-9D2B-78369D018373}.Unicode Debug.Build.0 = Unicode Debug|Win32
		{D12F5E4D-2869-4175-9D2B-78369D018373}.Unicode Release.ActiveCfg = Unicode Release|Win32
		{D12F5E4D-2869-4175-9D2B-78369D018373}.Unicode Release.Build.0 = Unicode Release|Win32
		{DF03B0A5-FAE9-4617-8037-102AF0181FF2}.ANSI Debug.ActiveCfg = ANSI Debug|Win32
		{DF03B0A5-FAE9-4617-8037-102AF0181FF2}.ANSI Debug.Build.0 = ANSI Debug|Win32
		{DF03B0A5-FAE9-4617-8037-102AF0181FF2}.ANSI Release.ActiveCfg = ANSI Release|Win32
		{DF03B0A5-FAE9-4617-8037-102AF0181FF2}.ANSI Release.Build.0 = ANSI Release|Win32
		{DF03B0A5-FAE9-4617-8037-102AF0181FF2}.MBCS Debug.ActiveCfg = MBCS Debug|Win32
		{DF03B0A5-FAE9-4617-8037-102AF0181FF2}.MBCS Release.ActiveCfg = MBCS Release|Win32
		{DF03B0A5-FAE9-4617-8037-102AF0181FF2}.MBCS Release.Build.0 = MBCS Release|Win32
		{DF03B0A5-FAE9-4617-8037-102AF0181FF2}.Static ANSI Debug.ActiveCfg = Static ANSI Debug|Win32
		{DF03B0A5-FAE9-4617-8037-102AF0181FF2}.Static ANSI Debug.Build.0 = Static ANSI Debug|Win32
		{DF03B0A5-FAE9-4617-8037-102AF0181FF2}.Static ANSI Release.ActiveCfg = Static ANSI Release|Win32
		{DF03B0A5-FAE9-4617-8037-102AF0181FF2}.Static ANSI Release.Build.0 = Static ANSI Release|Win32
		{DF03B0A5-FAE9-4617-8037-102AF0181FF2}.Static ANSI Release with MFC DLL.ActiveCfg = Static ANSI Release with MFC DLL|Win32
		{DF03B0A5-FAE9-4617-8037-102AF0181FF2}.Static ANSI Release with MFC DLL.Build.0 = Static ANSI Release with MFC DLL|Win32
		{DF03B0A5-FAE9-4617-8037-102AF0181FF2}.Static MBCS Debug.ActiveCfg = Static MBCS Debug|Win32
		{DF03B0A5-FAE9-4617-8037-102AF0181FF2}.Static MBCS Debug with MFC DLL.ActiveCfg = Static MBCS Debug with MFC DLL|Win32
		{DF03B0A5-FAE9-4617-8037-102AF0181FF2}.Static MBCS Debug with MFC DLL.Build.0 = Static MBCS Debug with MFC DLL|Win32
		{DF03B0A5-FAE9-4617-8037-102AF0181FF2}.Static MBCS Release.ActiveCfg = Static MBCS Release|Win32
		{DF03B0A5-FAE9-4617-8037-102AF0181FF2}.Static MBCS Release.Build.0 = Static MBCS Release|Win32
		{DF03B0A5-FAE9-4617-8037-102AF0181FF2}.Static MBCS Release with MFC DLL.ActiveCfg = Static MBCS Release with MFC DLL|Win32
		{DF03B0A5-FAE9-4617-8037-102AF0181FF2}.Static MBCS Release with MFC DLL.Build.0 = Static MBCS Release with MFC DLL|Win32
		{DF03B0A5-FAE9-4617-8037-102AF0181FF2}.Static Unicode Debug.ActiveCfg = Static Unicode Debug|Win32
		{DF03B0A5-FAE9-4617-8037-102AF0181FF2}.Static Unicode Debug.Build.0 = Static Unicode Debug|Win32
		{DF03B0A5-FAE9-4617-8037-102AF0181FF2}.Static Unicode Release.ActiveCfg = Static Unicode Release|Win32
		{DF03B0A5-FAE9-4617-8037-102AF0181FF2}.Static Unicode Release.Build.0 = Static Unicode Release|Win32
		{DF03B0A5-FAE9-4617-8037-102AF0181FF2}.Unicode Debug.ActiveCfg = Unicode Debug|Win32
		{DF03B0A5-FAE9-4617-8037-102AF0181FF2}.Unicode Debug.Build.0 = Unicode Debug|Win32
		{DF03B0A5-FAE9-4617-8037-102AF0181FF2}.Unicode Release.ActiveCfg = Unicode Release|Win32
		{DF03B0A5-FAE9-4617-8037-102AF0181FF2}.Unicode Release.Build.0 = Unicode Release|Win32
		{105F6258-C217-4D85-9CBA-83157DF75E4F}.ANSI Debug.ActiveCfg = ANSI Debug|Win32
		{105F6258-C217-4D85-9CBA-83157DF75E4F}.ANSI Debug.Build.0 = ANSI Debug|Win32
		{105F6258-C217-4D85-9CBA-83157DF75E4F}.ANSI Release.ActiveCfg = ANSI Release|Win32
		{105F6258-C217-4D85-9CBA-83157DF75E4F}.ANSI Release.Build.0 = ANSI Release|Win32
		{105F6258-C217-4D85-9CBA-83157DF75E4F}.MBCS Debug.ActiveCfg = MBCS Debug|Win32
		{105F6258-C217-4D85-9CBA-83157DF75E4F}.MBCS Release.ActiveCfg = MBCS Release|Win32
		{105F6258-C217-4D85-9CBA-83157DF75E4F}.MBCS Release.Build.0 = MBCS Release|Win32
		{105F6258-C217-4D85-9CBA-83157DF75E4F}.Static ANSI Debug.ActiveCfg = Static ANSI Debug|Win32
		{105F6258-C217-4D85-9CBA-83157DF75E4F}.Static ANSI Debug.Build.0 = Static ANSI Debug|Win32
		{105F6258-C217-4D85-9CBA-83157DF75E4F}.Static ANSI Release.ActiveCfg = Static ANSI Release|Win32
		{105F6258-C217-4D85-9CBA-83157DF75E4F}.Static ANSI Release.Build.0 = Static ANSI Release|Win32
		{105F6258-C217-4D85-9CBA-83157DF75E4F}.Static ANSI Release with MFC DLL.ActiveCfg = Static ANSI Release with MFC DLL|Win32
		{105F6258-C217-4D85-9CBA-83157DF75E4F}.Static ANSI Release with MFC DLL.Build.0 = Static ANSI Release with MFC DLL|Win32
		{105F6258-C217-4D85-9CBA-83157DF75E4F}.Static MBCS Debug.ActiveCfg = Static MBCS Debug|Win32
		{105F6258-C217-4D85-9CBA-83157DF75E4F}.Static MBCS Debug with MFC DLL.ActiveCfg = Static MBCS Debug with MFC DLL|Win32
		{105F6258-C217-4D85-9CBA-83157DF75E4F}.Static MBCS Debug with MFC DLL.Build.0 = Static MBCS Debug with MFC DLL|Win32
		{105F6258-C217-4D85-9CBA-83157DF75E4F}.Static MBCS Release.ActiveCfg = Static MBCS Release|Win32
		{105F6258-C217-4D85-9CBA-83157DF75E4F}.Static MBCS Release.Build.0 = Static MBCS Release|Win32
		{105F6258-C217-4D85-9CBA-83157DF75E4F}.Static MBCS Release with MFC DLL.ActiveCfg = Static MBCS Release with MFC DLL|Win32
		{105F6258-C217-4D85-9CBA-83157DF75E4F}.Static MBCS Release with MFC DLL.Build.0 = Static MBCS Release with MFC DLL|Win32
		{105F6258-C217-4D85-9CBA-83157DF75E4F}.Static Unicode Debug.ActiveCfg = Static Unicode Debug|Win32
		{105F6258-C217-4D85-9CBA-83157DF75E4F}.Static Unicode Debug.Build.0 = Static Unicode Debug|Win32
		{105F6258-C217-4D85-9CBA-83157DF75E4F}.Static Unicode Release.ActiveCfg = Static Unicode Release|Win32
		{105F6258-C217-4D85-9CBA-83157DF75E4F}.Static Unicode Release.Build.0 = Static Unicode Release|Win32
		{105F6258-C217-4D85-9CBA-83157DF75E4F}.Unicode Debug.ActiveCfg = Unicode Debug|Win32
		{105F6258-C217-4D85-9CBA-83157DF75E4F}.Unicode Debug.Build.0 = Unicode Debug|Win32
		{105F6258-C217-4D85-9CBA-83157DF75E4F}.Unicode Release.ActiveCfg = Unicode Release|Win32
		{105F6258-C217-4D85-9CBA-83157DF75E4F}.Unicode Release.Build.0 = Unicode Release|Win32
		{E6F736AE-DFD6-4BFC-88EC-4F6D93B26DFA}.ANSI Debug.ActiveCfg = ANSI Debug|Win32
		{E6F736AE-DFD6-4BFC-88EC-4F6D93B26DFA}.ANSI Debug.Build.0 = ANSI Debug|Win32
		{E6F736AE-DFD6-4BFC-88EC-4F6D93B26DFA}.ANSI Release.ActiveCfg = ANSI Release|Win32
		{E6F736AE-DFD6-4BFC-88EC-4F6D93B26DFA}.ANSI Release.Build.0 = ANSI Release|Win32
		{E6F736AE-DFD6-4BFC-88EC-4F6D93B26DFA}.MBCS Debug.ActiveCfg = MBCS Debug|Win32
		{E6F736AE-DFD6-4BFC-88EC-4F6D93B26DFA}.MBCS Release.ActiveCfg = MBCS Release|Win32
		{E6F736AE-DFD6-4BFC-88EC-4F6D93B26DFA}.MBCS Release.Build.0 = MBCS Release|Win32
		{E6F736AE-DFD6-4BFC-88EC-4F6D93B26DFA}.Static ANSI Debug.ActiveCfg = Static ANSI Debug|Win32
		{E6F736AE-DFD6-4BFC-88EC-4F6D93B26DFA}.Static ANSI Debug.Build.0 = Static ANSI Debug|Win32
		{E6F736AE-DFD6-4BFC-88EC-4F6D93B26DFA}.Static ANSI Release.ActiveCfg = Static ANSI Release|Win32
		{E6F736AE-DFD6-4BFC-88EC-4F6D93B26DFA}.Static ANSI Release.Build.0 = Static ANSI Release|Win32
		{E6F736AE-DFD6-4BFC-88EC-4F6D93B26DFA}.Static ANSI Release with MFC DLL.ActiveCfg = Static ANSI Release with MFC DLL|Win32
		{E6F736AE-DFD6-4BFC-88EC-4F6D93B26DFA}.Static ANSI Release with MFC DLL.Build.0 = Static ANSI Release with MFC DLL|Win32
		{E6F736AE-DFD6-4BFC-88EC-4F6D93B26DFA}.Static MBCS Debug.ActiveCfg = Static MBCS Debug|Win32
		{E6F736AE-DFD6-4BFC-88EC-4F6D93B26DFA}.Static MBCS Debug with MFC DLL.ActiveCfg = Static MBCS Debug with MFC DLL|Win32
		{E6F736AE-DFD6-4BFC-88EC-4F6D93B26DFA}.Static MBCS Debug with MFC DLL.Build.0 = Static MBCS Debug with MFC DLL|Win32
		{E6F736AE-DFD6-4BFC-88EC-4F6D93B26DFA}.Static MBCS Release.ActiveCfg = Static MBCS Release|Win32
		{E6F736AE-DFD6-4BFC-88EC-4F6D93B26DFA}.Static MBCS Release.Build.0 = Static MBCS Release|Win32
		{E6F736AE-DFD6-4BFC-88EC-4F6D93B26DFA}.Static MBCS Release with MFC DLL.ActiveCfg = Static MBCS Release with MFC DLL|Win32
		{E6F736AE-DFD6-4BFC-88EC-4F6D93B26DFA}.Static MBCS Release with MFC DLL.Build.0 = Static MBCS Release with MFC DLL|Win32
		{E6F736AE-DFD6-4BFC-88EC-4F6D93B26DFA}.Static Unicode Debug.ActiveCfg = Static Unicode Debug|Win32
		{E6F736AE-DFD6-4BFC-88EC-4F6D93B26DFA}.Static Unicode Debug.Build.0 = Static Unicode Debug|Win32
		{E6F736AE-DFD6-4BFC-88EC-4F6D93B26DFA}.Static Unicode Release.ActiveCfg = Static Unicode Release|Win32
		{E6F736AE-DFD6-4BFC-88EC-4F6D93B26DFA}.Static Unicode Release.Build.0 = Static Unicode Release|Win32
		{E6F736AE-DFD6-4BFC-88EC-4F6D93B26DFA}.Unicode Debug.ActiveCfg = Unicode Debug|Win32
		{E6F736AE-DFD6-4BFC-88EC-4F6D93B26DFA}.Unicode Debug.Build.0 = Unicode Debug|Win32
		{E6F736AE-DFD6-4BFC-88EC-4F6D93B26DFA}.Unicode Release.ActiveCfg = Unicode Release|Win32
		{E6F736AE-DFD6-4BFC-88EC-4F6D93B26DFA}.Unicode Release.Build.0 = Unicode Release|Win32
		{84FA5777-D883-4B6B-94BC-C475992749F0}.ANSI Debug.ActiveCfg = ANSI Debug|Win32
		{84FA5777-D883-4B6B-94BC-C475992749F0}.ANSI Debug.Build.0 = ANSI Debug|Win32
		{84FA5777-D883-4B6B-94BC-C475992749F0}.ANSI Release.ActiveCfg = ANSI Release|Win32
		{84FA5777-D883-4B6B-94BC-C475992749F0}.ANSI Release.Build.0 = ANSI Release|Win32
		{84FA5777-D883-4B6B-94BC-C475992749F0}.MBCS Debug.ActiveCfg = MBCS Debug|Win32
		{84FA5777-D883-4B6B-94BC-C475992749F0}.MBCS Release.ActiveCfg = MBCS Release|Win32
		{84FA5777-D883-4B6B-94BC-C475992749F0}.MBCS Release.Build.0 = MBCS Release|Win32
		{84FA5777-D883-4B6B-94BC-C475992749F0}.Static ANSI Debug.ActiveCfg = ANSI Debug|Win32
		{84FA5777-D883-4B6B-94BC-C475992749F0}.Static ANSI Debug.Build.0 = ANSI Debug|Win32
		{84FA5777-D883-4B6B-94BC-C475992749F0}.Static ANSI Release.ActiveCfg = ANSI Release|Win32
		{84FA5777-D883-4B6B-94BC-C475992749F0}.Static ANSI Release.Build.0 = ANSI Release|Win32
		{84FA5777-D883-4B6B-94BC-C475992749F0}.Static ANSI Release with MFC DLL.ActiveCfg = ANSI Release|Win32
		{84FA5777-D883-4B6B-94BC-C475992749F0}.Static ANSI Release with MFC DLL.Build.0 = ANSI Release|Win32
		{84FA5777-D883-4B6B-94BC-C475992749F0}.Static MBCS Debug.ActiveCfg = MBCS Debug|Win32
		{84FA5777-D883-4B6B-94BC-C475992749F0}.Static MBCS Debug with MFC DLL.ActiveCfg = MBCS Debug|Win32
		{84FA5777-D883-4B6B-94BC-C475992749F0}.Static MBCS Debug with MFC DLL.Build.0 = MBCS Debug|Win32
		{84FA5777-D883-4B6B-94BC-C475992749F0}.Static MBCS Release.ActiveCfg = MBCS Release|Win32
		{84FA5777-D883-4B6B-94BC-C475992749F0}.Static MBCS Release.Build.0 = MBCS Release|Win32
		{84FA5777-D883-4B6B-94BC-C475992749F0}.Static MBCS Release with MFC DLL.ActiveCfg = MBCS Release|Win32
		{84FA5777-D883-4B6B-94BC-C475992749F0}.Static MBCS Release with MFC DLL.Build.0 = MBCS Release|Win32
		{84FA5777-D883-4B6B-94BC-C475992749F0}.Static Unicode Debug.ActiveCfg = Unicode Debug|Win32
		{84FA5777-D883-4B6B-94BC-C475992749F0}.Static Unicode Debug.Build.0 = Unicode Debug|Win32
		{84FA5777-D883-4B6B-94BC-C475992749F0}.Static Unicode Release.ActiveCfg = Unicode Release|Win32
		{84FA5777-D883-4B6B-94BC-C475992749F0}.Static Unicode Release.Build.0 = Unicode Release|Win32
		{84FA5777-D883-4B6B-94BC-C475992749F0}.Unicode Debug.ActiveCfg = Unicode Debug|Win32
		{84FA5777-D883-4B6B-94BC-C475992749F0}.Unicode Debug.Build.0 = Unicode Debug|Win32
		{84FA5777-D883-4B6B-94BC-C475992749F0}.Unicode Release.ActiveCfg = Unicode Release|Win32
		{84FA5777-D883-4B6B-94BC-C475992749F0}.Unicode Release.Build.0 = Unicode Release|Win32
		{F5264ADD-AC34-44DA-9390-1E7A0AA91F2E}.ANSI Debug.ActiveCfg = ANSI Debug|Win32
		{F5264ADD-AC34-44DA-9390-1E7A0AA91F2E}.ANSI Debug.Build.0 = ANSI Debug|Win32
		{F5264ADD-AC34-44DA-9390-1E7A0AA91F2E}.ANSI Release.ActiveCfg = ANSI Release|Win32
		{F5264ADD-AC34-44DA-9390-1E7A0AA91F2E}.ANSI Release.Build.0 = ANSI Release|Win32
		{F5264ADD-AC34-44DA-9390-1E7A0AA91F2E}.MBCS Debug.ActiveCfg = MBCS Debug|Win32
		{F5264ADD-AC34-44DA-9390-1E7A0AA91F2E}.MBCS Release.ActiveCfg = MBCS Release|Win32
		{F5264ADD-AC34-44DA-9390-1E7A0AA91F2E}.MBCS Release.Build.0 = MBCS Release|Win32
		{F5264ADD-AC34-44DA-9390-1E7A0AA91F2E}.Static ANSI Debug.ActiveCfg = Static ANSI Debug|Win32
		{F5264ADD-AC34-44DA-9390-1E7A0AA91F2E}.Static ANSI Debug.Build.0 = Static ANSI Debug|Win32
		{F5264ADD-AC34-44DA-9390-1E7A0AA91F2E}.Static ANSI Release.ActiveCfg = Static ANSI Release|Win32
		{F5264ADD-AC34-44DA-9390-1E7A0AA91F2E}.Static ANSI Release.Build.0 = Static ANSI Release|Win32
		{F5264ADD-AC34-44DA-9390-1E7A0AA91F2E}.Static ANSI Release with MFC DLL.ActiveCfg = Static ANSI Release with MFC DLL|Win32
		{F5264ADD-AC34-44DA-9390-1E7A0AA91F2E}.Static ANSI Release with MFC DLL.Build.0 = Static ANSI Release with MFC DLL|Win32
		{F5264ADD-AC34-44DA-9390-1E7A0AA91F2E}.Static MBCS Debug.ActiveCfg = Static MBCS Debug|Win32
		{F5264ADD-AC34-44DA-9390-1E7A0AA91F2E}.Static MBCS Debug.Build.0 = Static MBCS Debug|Win32
		{F5264ADD-AC34-44DA-9390-1E7A0AA91F2E}.Static MBCS Debug with MFC DLL.ActiveCfg = Static MBCS Debug with MFC DLL|Win32
		{F5264ADD-AC34-44DA-9390-1E7A0AA91F2E}.Static MBCS Debug with MFC DLL.Build.0 = Static MBCS Debug with MFC DLL|Win32
		{F5264ADD-AC34-44DA-9390-1E7A0AA91F2E}.Static MBCS Release.ActiveCfg = Static MBCS Release|Win32
		{F5264ADD-AC34-44DA-9390-1E7A0AA91F2E}.Static MBCS Release.Build.0 = Static MBCS Release|Win32
		{F5264ADD-AC34-44DA-9390-1E7A0AA91F2E}.Static MBCS Release with MFC DLL.ActiveCfg = Static MBCS Release with MFC DLL|Win32
		{F5264ADD-AC34-44DA-9390-1E7A0AA91F2E}.Static MBCS Release with MFC DLL.Build.0 = Static MBCS Release with MFC DLL|Win32
		{F5264ADD-AC34-44DA-9390-1E7A0AA91F2E}.Static Unicode Debug.ActiveCfg = Static Unicode Debug|Win32
		{F5264ADD-AC34-44DA-9390-1E7A0AA91F2E}.Static Unicode Debug.Build.0 = Static Unicode Debug|Win32
		{F5264ADD-AC34-44DA-9390-1E7A0AA91F2E}.Static Unicode Release.ActiveCfg = Static Unicode Release|Win32
		{F5264ADD-AC34-44DA-9390-1E7A0AA91F2E}.Static Unicode Release.Build.0 = Static Unicode Release|Win32
		{F5264ADD-AC34-44DA-9390-1E7A0AA91F2E}.Unicode Debug.ActiveCfg = Unicode Debug|Win32
		{F5264ADD-AC34-44DA-9390-1E7A0AA91F2E}.Unicode Debug.Build.0 = Unicode Debug|Win32
		{F5264ADD-AC34-44DA-9390-1E7A0AA91F2E}.Unicode Release.ActiveCfg = Unicode Release|Win32
		{F5264ADD-AC34-44DA-9390-1E7A0AA91F2E}.Unicode Release.Build.0 = Unicode Release|Win32
		{2D8B2D92-E162-4727-925A-CE82FAE81807}.ANSI Debug.ActiveCfg = ANSI Debug|Win32
		{2D8B2D92-E162-4727-925A-CE82FAE81807}.ANSI Debug.Build.0 = ANSI Debug|Win32
		{2D8B2D92-E162-4727-925A-CE82FAE81807}.ANSI Release.ActiveCfg = ANSI Release|Win32
		{2D8B2D92-E162-4727-925A-CE82FAE81807}.ANSI Release.Build.0 = ANSI Release|Win32
		{2D8B2D92-E162-4727-925A-CE82FAE81807}.MBCS Debug.ActiveCfg = MBCS Debug|Win32
		{2D8B2D92-E162-4727-925A-CE82FAE81807}.MBCS Release.ActiveCfg = MBCS Release|Win32
		{2D8B2D92-E162-4727-925A-CE82FAE81807}.MBCS Release.Build.0 = MBCS Release|Win32
		{2D8B2D92-E162-4727-925A-CE82FAE81807}.Static ANSI Debug.ActiveCfg = Static ANSI Debug|Win32
		{2D8B2D92-E162-4727-925A-CE82FAE81807}.Static ANSI Debug.Build.0 = Static ANSI Debug|Win32
		{2D8B2D92-E162-4727-925A-CE82FAE81807}.Static ANSI Release.ActiveCfg = Static ANSI Release|Win32
		{2D8B2D92-E162-4727-925A-CE82FAE81807}.Static ANSI Release.Build.0 = Static ANSI Release|Win32
		{2D8B2D92-E162-4727-925A-CE82FAE81807}.Static ANSI Release with MFC DLL.ActiveCfg = Static ANSI Release with MFC DLL|Win32
		{2D8B2D92-E162-4727-925A-CE82FAE81807}.Static ANSI Release with MFC DLL.Build.0 = Static ANSI Release with MFC DLL|Win32
		{2D8B2D92-E162-4727-925A-CE82FAE81807}.Static MBCS Debug.ActiveCfg = Static MBCS Debug|Win32
		{2D8B2D92-E162-4727-925A-CE82FAE81807}.Static MBCS Debug with MFC DLL.ActiveCfg = Static MBCS Debug with MFC DLL|Win32
		{2D8B2D92-E162-4727-925A-CE82FAE81807}.Static MBCS Debug with MFC DLL.Build.0 = Static MBCS Debug with MFC DLL|Win32
		{2D8B2D92-E162-4727-925A-CE82FAE81807}.Static MBCS Release.ActiveCfg = Static MBCS Release|Win32
		{2D8B2D92-E162-4727-925A-CE82FAE81807}.Static MBCS Release.Build.0 = Static MBCS Release|Win32
		{2D8B2D92-E162-4727-925A-CE82FAE81807}.Static MBCS Release with MFC DLL.ActiveCfg = Static MBCS Release with MFC DLL|Win32
		{2D8B2D92-E162-4727-925A-CE82FAE81807}.Static MBCS Release with MFC DLL.Build.0 = Static MBCS Release with MFC DLL|Win32
		{2D8B2D92-E162-4727-925A-CE82FAE81807}.Static Unicode Debug.ActiveCfg = Static Unicode Debug|Win32
		{2D8B2D92-E162-4727-925A-CE82FAE81807}.Static Unicode Debug.Build.0 = Static Unicode Debug|Win32
		{2D8B2D92-E162-4727-925A-CE82FAE81807}.Static Unicode Release.ActiveCfg = Static Unicode Release|Win32
		{2D8B2D92-E162-4727-925A-CE82FAE81807}.Static Unicode Release.Build.0 = Static Unicode Release|Win32
		{2D8B2D92-E162-4727-925A-CE82FAE81807}.Unicode Debug.ActiveCfg = Unicode Debug|Win32
		{2D8B2D92-E162-4727-925A-CE82FAE81807}.Unicode Debug.Build.0 = Unicode Debug|Win32
		{2D8B2D92-E162-4727-925A-CE82FAE81807}.Unicode Release.ActiveCfg = Unicode Release|Win32
		{2D8B2D92-E162-4727-925A-CE82FAE81807}.Unicode Release.Build.0 = Unicode Release|Win32
		{CF078085-D96E-4DBD-8BF0-DEB2BE72F29F}.ANSI Debug.ActiveCfg = ANSI Debug|Win32
		{CF078085-D96E-4DBD-8BF0-DEB2BE72F29F}.ANSI Debug.Build.0 = ANSI Debug|Win32
		{CF078085-D96E-4DBD-8BF0-DEB2BE72F29F}.ANSI Release.ActiveCfg = ANSI Release|Win32
		{CF078085-D96E-4DBD-8BF0-DEB2BE72F29F}.ANSI Release.Build.0 = ANSI Release|Win32
		{CF078085-D96E-4DBD-8BF0-DEB2BE72F29F}.MBCS Debug.ActiveCfg = MBCS Debug|Win32
		{CF078085-D96E-4DBD-8BF0-DEB2BE72F29F}.MBCS Debug.Build.0 = MBCS Debug|Win32
		{CF078085-D96E-4DBD-8BF0-DEB2BE72F29F}.MBCS Release.ActiveCfg = MBCS Release|Win32
		{CF078085-D96E-4DBD-8BF0-DEB2BE72F29F}.MBCS Release.Build.0 = MBCS Release|Win32
		{CF078085-D96E-4DBD-8BF0-DEB2BE72F29F}.Static ANSI Debug.ActiveCfg = Static ANSI Debug|Win32
		{CF078085-D96E-4DBD-8BF0-DEB2BE72F29F}.Static ANSI Debug.Build.0 = Static ANSI Debug|Win32
		{CF078085-D96E-4DBD-8BF0-DEB2BE72F29F}.Static ANSI Release.ActiveCfg = Static ANSI Release|Win32
		{CF078085-D96E-4DBD-8BF0-DEB2BE72F29F}.Static ANSI Release.Build.0 = Static ANSI Release|Win32
		{CF078085-D96E-4DBD-8BF0-DEB2BE72F29F}.Static ANSI Release with MFC DLL.ActiveCfg = Static ANSI Release with MFC DLL|Win32
		{CF078085-D96E-4DBD-8BF0-DEB2BE72F29F}.Static ANSI Release with MFC DLL.Build.0 = Static ANSI Release with MFC DLL|Win32
		{CF078085-D96E-4DBD-8BF0-DEB2BE72F29F}.Static MBCS Debug.ActiveCfg = Static MBCS Debug|Win32
		{CF078085-D96E-4DBD-8BF0-DEB2BE72F29F}.Static MBCS Debug with MFC DLL.ActiveCfg = Static MBCS Debug with MFC DLL|Win32
		{CF078085-D96E-4DBD-8BF0-DEB2BE72F29F}.Static MBCS Debug with MFC DLL.Build.0 = Static MBCS Debug with MFC DLL|Win32
		{CF078085-D96E-4DBD-8BF0-DEB2BE72F29F}.Static MBCS Release.ActiveCfg = Static MBCS Release|Win32
		{CF078085-D96E-4DBD-8BF0-DEB2BE72F29F}.Static MBCS Release.Build.0 = Static MBCS Release|Win32
		{CF078085-D96E-4DBD-8BF0-DEB2BE72F29F}.Static MBCS Release with MFC DLL.ActiveCfg = Static MBCS Release with MFC DLL|Win32
		{CF078085-D96E-4DBD-8BF0-DEB2BE72F29F}.Static MBCS Release with MFC DLL.Build.0 = Static MBCS Release with MFC DLL|Win32
		{CF078085-D96E-4DBD-8BF0-DEB2BE72F29F}.Static Unicode Debug.ActiveCfg = Static Unicode Debug|Win32
		{CF078085-D96E-4DBD-8BF0-DEB2BE72F29F}.Static Unicode Debug.Build.0 = Static Unicode Debug|Win32
		{CF078085-D96E-4DBD-8BF0-DEB2BE72F29F}.Static Unicode Release.ActiveCfg = Static Unicode Release|Win32
		{CF078085-D96E-4DBD-8BF0-DEB2BE72F29F}.Static Unicode Release.Build.0 = Static Unicode Release|Win32
		{CF078085-D96E-4DBD-8BF0-DEB2BE72F29F}.Unicode Debug.ActiveCfg = Unicode Debug|Win32
		{CF078085-D96E-4DBD-8BF0-DEB2BE72F29F}.Unicode Debug.Build.0 = Unicode Debug|Win32
		{CF078085-D96E-4DBD-8BF0-DEB2BE72F29F}.Unicode Release.ActiveCfg = Unicode Release|Win32
		{CF078085-D96E-4DBD-8BF0-DEB2BE72F29F}.Unicode Release.Build.0 = Unicode Release|Win32
		{8E055629-CF17-49C9-8171-2D3BE2758149}.ANSI Debug.ActiveCfg = ANSI Debug|Win32
		{8E055629-CF17-49C9-8171-2D3BE2758149}.ANSI Debug.Build.0 = ANSI Debug|Win32
		{8E055629-CF17-49C9-8171-2D3BE2758149}.ANSI Release.ActiveCfg = ANSI Release|Win32
		{8E055629-CF17-49C9-8171-2D3BE2758149}.ANSI Release.Build.0 = ANSI Release|Win32
		{8E055629-CF17-49C9-8171-2D3BE2758149}.MBCS Debug.ActiveCfg = MBCS Debug|Win32
		{8E055629-CF17-49C9-8171-2D3BE2758149}.MBCS Release.ActiveCfg = MBCS Release|Win32
		{8E055629-CF17-49C9-8171-2D3BE2758149}.MBCS Release.Build.0 = MBCS Release|Win32
		{8E055629-CF17-49C9-8171-2D3BE2758149}.Static ANSI Debug.ActiveCfg = Static ANSI Debug|Win32
		{8E055629-CF17-49C9-8171-2D3BE2758149}.Static ANSI Debug.Build.0 = Static ANSI Debug|Win32
		{8E055629-CF17-49C9-8171-2D3BE2758149}.Static ANSI Release.ActiveCfg = Static ANSI Release|Win32
		{8E055629-CF17-49C9-8171-2D3BE2758149}.Static ANSI Release.Build.0 = Static ANSI Release|Win32
		{8E055629-CF17-49C9-8171-2D3BE2758149}.Static ANSI Release with MFC DLL.ActiveCfg = Static ANSI Release with MFC DLL|Win32
		{8E055629-CF17-49C9-8171-2D3BE2758149}.Static ANSI Release with MFC DLL.Build.0 = Static ANSI Release with MFC DLL|Win32
		{8E055629-CF17-49C9-8171-2D3BE2758149}.Static MBCS Debug.ActiveCfg = Static MBCS Debug|Win32
		{8E055629-CF17-49C9-8171-2D3BE2758149}.Static MBCS Debug with MFC DLL.ActiveCfg = Static MBCS Debug with MFC DLL|Win32
		{8E055629-CF17-49C9-8171-2D3BE2758149}.Static MBCS Debug with MFC DLL.Build.0 = Static MBCS Debug with MFC DLL|Win32
		{8E055629-CF17-49C9-8171-2D3BE2758149}.Static MBCS Release.ActiveCfg = Static MBCS Release|Win32
		{8E055629-CF17-49C9-8171-2D3BE2758149}.Static MBCS Release.Build.0 = Static MBCS Release|Win32
		{8E055629-CF17-49C9-8171-2D3BE2758149}.Static MBCS Release with MFC DLL.ActiveCfg = Static MBCS Release with MFC DLL|Win32
		{8E055629-CF17-49C9-8171-2D3BE2758149}.Static MBCS Release with MFC DLL.Build.0 = Static MBCS Release with MFC DLL|Win32
		{8E055629-CF17-49C9-8171-2D3BE2758149}.Static Unicode Debug.ActiveCfg = Static Unicode Debug|Win32
		{8E055629-CF17-49C9-8171-2D3BE2758149}.Static Unicode Debug.Build.0 = Static Unicode Debug|Win32
		{8E055629-CF17-49C9-8171-2D3BE2758149}.Static Unicode Release.ActiveCfg = Static Unicode Release|Win32
		{8E055629-CF17-49C9-8171-2D3BE2758149}.Static Unicode Release.Build.0 = Static Unicode Release|Win32
		{8E055629-CF17-49C9-8171-2D3BE2758149}.Unicode Debug.ActiveCfg = Unicode Debug|Win32
		{8E055629-CF17-49C9-8171-2D3BE2758149}.Unicode Debug.Build.0 = Unicode Debug|Win32
		{8E055629-CF17-49C9-8171-2D3BE2758149}.Unicode Release.ActiveCfg = Unicode Release|Win32
		{8E055629-CF17-49C9-8171-2D3BE2758149}.Unicode Release.Build.0 = Unicode Release|Win32
		{83EDD1E2-7EA9-433F-B501-3450E720E7C9}.ANSI Debug.ActiveCfg = ANSI Debug|Win32
		{83EDD1E2-7EA9-433F-B501-3450E720E7C9}.ANSI Debug.Build.0 = ANSI Debug|Win32
		{83EDD1E2-7EA9-433F-B501-3450E720E7C9}.ANSI Release.ActiveCfg = ANSI Release|Win32
		{83EDD1E2-7EA9-433F-B501-3450E720E7C9}.ANSI Release.Build.0 = ANSI Release|Win32
		{83EDD1E2-7EA9-433F-B501-3450E720E7C9}.MBCS Debug.ActiveCfg = MBCS Debug|Win32
		{83EDD1E2-7EA9-433F-B501-3450E720E7C9}.MBCS Release.ActiveCfg = MBCS Release|Win32
		{83EDD1E2-7EA9-433F-B501-3450E720E7C9}.MBCS Release.Build.0 = MBCS Release|Win32
		{83EDD1E2-7EA9-433F-B501-3450E720E7C9}.Static ANSI Debug.ActiveCfg = Static ANSI Debug|Win32
		{83EDD1E2-7EA9-433F-B501-3450E720E7C9}.Static ANSI Debug.Build.0 = Static ANSI Debug|Win32
		{83EDD1E2-7EA9-433F-B501-3450E720E7C9}.Static ANSI Release.ActiveCfg = Static ANSI Release|Win32
		{83EDD1E2-7EA9-433F-B501-3450E720E7C9}.Static ANSI Release.Build.0 = Static ANSI Release|Win32
		{83EDD1E2-7EA9-433F-B501-3450E720E7C9}.Static ANSI Release with MFC DLL.ActiveCfg = Static ANSI Release with MFC DLL|Win32
		{83EDD1E2-7EA9-433F-B501-3450E720E7C9}.Static ANSI Release with MFC DLL.Build.0 = Static ANSI Release with MFC DLL|Win32
		{83EDD1E2-7EA9-433F-B501-3450E720E7C9}.Static MBCS Debug.ActiveCfg = Static MBCS Debug|Win32
		{83EDD1E2-7EA9-433F-B501-3450E720E7C9}.Static MBCS Debug with MFC DLL.ActiveCfg = Static MBCS Debug with MFC DLL|Win32
		{83EDD1E2-7EA9-433F-B501-3450E720E7C9}.Static MBCS Debug with MFC DLL.Build.0 = Static MBCS Debug with MFC DLL|Win32
		{83EDD1E2-7EA9-433F-B501-3450E720E7C9}.Static MBCS Release.ActiveCfg = Static MBCS Release|Win32
		{83EDD1E2-7EA9-433F-B501-3450E720E7C9}.Static MBCS Release.Build.0 = Static MBCS Release|Win32
		{83EDD1E2-7EA9-433F-B501-3450E720E7C9}.Static MBCS Release with MFC DLL.ActiveCfg = Static MBCS Release with MFC DLL|Win32
		{83EDD1E2-7EA9-433F-B501-3450E720E7C9}.Static MBCS Release with MFC DLL.Build.0 = Static MBCS Release with MFC DLL|Win32
		{83EDD1E2-7EA9-433F-B501-3450E720E7C9}.Static Unicode Debug.ActiveCfg = Static Unicode Debug|Win32
		{83EDD1E2-7EA9-433F-B501-3450E720E7C9}.Static Unicode Debug.Build.0 = Static Unicode Debug|Win32
		{83EDD1E2-7EA9-433F-B501-3450E720E7C9}.Static Unicode Release.ActiveCfg = Static Unicode Release|Win32
		{83EDD1E2-7EA9-433F-B501-3450E720E7C9}.Static Unicode Release.Build.0 = Static Unicode Release|Win32
		{83EDD1E2-7EA9-433F-B501-3450E720E7C9}.Unicode Debug.ActiveCfg = Unicode Debug|Win32
		{83EDD1E2-7EA9-433F-B501-3450E720E7C9}.Unicode Debug.Build.0 = Unicode Debug|Win32
		{83EDD1E2-7EA9-433F-B501-3450E720E7C9}.Unicode Release.ActiveCfg = Unicode Release|Win32
		{83EDD1E2-7EA9-433F-B501-3450E720E7C9}.Unicode Release.Build.0 = Unicode Release|Win32
		{CCE2C911-4C2D-493F-B714-44F24F3C8D6F}.ANSI Debug.ActiveCfg = ANSI Debug|Win32
		{CCE2C911-4C2D-493F-B714-44F24F3C8D6F}.ANSI Debug.Build.0 = ANSI Debug|Win32
		{CCE2C911-4C2D-493F-B714-44F24F3C8D6F}.ANSI Release.ActiveCfg = ANSI Release|Win32
		{CCE2C911-4C2D-493F-B714-44F24F3C8D6F}.ANSI Release.Build.0 = ANSI Release|Win32
		{CCE2C911-4C2D-493F-B714-44F24F3C8D6F}.MBCS Debug.ActiveCfg = MBCS Debug|Win32
		{CCE2C911-4C2D-493F-B714-44F24F3C8D6F}.MBCS Debug.Build.0 = MBCS Debug|Win32
		{CCE2C911-4C2D-493F-B714-44F24F3C8D6F}.MBCS Release.ActiveCfg = MBCS Release|Win32
		{CCE2C911-4C2D-493F-B714-44F24F3C8D6F}.MBCS Release.Build.0 = MBCS Release|Win32
		{CCE2C911-4C2D-493F-B714-44F24F3C8D6F}.Static ANSI Debug.ActiveCfg = ANSI Debug|Win32
		{CCE2C911-4C2D-493F-B714-44F24F3C8D6F}.Static ANSI Debug.Build.0 = ANSI Debug|Win32
		{CCE2C911-4C2D-493F-B714-44F24F3C8D6F}.Static ANSI Release.ActiveCfg = ANSI Release|Win32
		{CCE2C911-4C2D-493F-B714-44F24F3C8D6F}.Static ANSI Release.Build.0 = ANSI Release|Win32
		{CCE2C911-4C2D-493F-B714-44F24F3C8D6F}.Static ANSI Release with MFC DLL.ActiveCfg = ANSI Release|Win32
		{CCE2C911-4C2D-493F-B714-44F24F3C8D6F}.Static ANSI Release with MFC DLL.Build.0 = ANSI Release|Win32
		{CCE2C911-4C2D-493F-B714-44F24F3C8D6F}.Static MBCS Debug.ActiveCfg = MBCS Debug|Win32
		{CCE2C911-4C2D-493F-B714-44F24F3C8D6F}.Static MBCS Debug with MFC DLL.ActiveCfg = MBCS Debug|Win32
		{CCE2C911-4C2D-493F-B714-44F24F3C8D6F}.Static MBCS Debug with MFC DLL.Build.0 = MBCS Debug|Win32
		{CCE2C911-4C2D-493F-B714-44F24F3C8D6F}.Static MBCS Release.ActiveCfg = MBCS Release|Win32
		{CCE2C911-4C2D-493F-B714-44F24F3C8D6F}.Static MBCS Release.Build.0 = MBCS Release|Win32
		{CCE2C911-4C2D-493F-B714-44F24F3C8D6F}.Static MBCS Release with MFC DLL.ActiveCfg = MBCS Release|Win32
		{CCE2C911-4C2D-493F-B714-44F24F3C8D6F}.Static MBCS Release with MFC DLL.Build.0 = MBCS Release|Win32
		{CCE2C911-4C2D-493F-B714-44F24F3C8D6F}.Static Unicode Debug.ActiveCfg = Unicode Debug|Win32
		{CCE2C911-4C2D-493F-B714-44F24F3C8D6F}.Static Unicode Debug.Build.0 = Unicode Debug|Win32
		{CCE2C911-4C2D-493F-B714-44F24F3C8D6F}.Static Unicode Release.ActiveCfg = Unicode Release|Win32
		{CCE2C911-4C2D-493F-B714-44F24F3C8D6F}.Static Unicode Release.Build.0 = Unicode Release|Win32
		{CCE2C911-4C2D-493F-B714-44F24F3C8D6F}.Unicode Debug.ActiveCfg = Unicode Debug|Win32
		{CCE2C911-4C2D-493F-B714-44F24F3C8D6F}.Unicode Debug.Build.0 = Unicode Debug|Win32
		{CCE2C911-4C2D-493F-B714-44F24F3C8D6F}.Unicode Release.ActiveCfg = Unicode Release|Win32
		{CCE2C911-4C2D-493F-B714-44F24F3C8D6F}.Unicode Release.Build.0 = Unicode Release|Win32
		{0C8409E8-025D-43C6-AC07-84499866EFE8}.ANSI Debug.ActiveCfg = Static Unicode Debug with MFC DLL|Win32
		{0C8409E8-025D-43C6-AC07-84499866EFE8}.ANSI Debug.Build.0 = Static Unicode Debug with MFC DLL|Win32
		{0C8409E8-025D-43C6-AC07-84499866EFE8}.ANSI Release.ActiveCfg = Static Unicode Release with MFC DLL|Win32
		{0C8409E8-025D-43C6-AC07-84499866EFE8}.ANSI Release.Build.0 = Static Unicode Release with MFC DLL|Win32
		{0C8409E8-025D-43C6-AC07-84499866EFE8}.MBCS Debug.ActiveCfg = Static MBCS Debug with MFC DLL|Win32
		{0C8409E8-025D-43C6-AC07-84499866EFE8}.MBCS Release.ActiveCfg = Static MBCS Release|Win32
		{0C8409E8-025D-43C6-AC07-84499866EFE8}.MBCS Release.Build.0 = Static MBCS Release|Win32
		{0C8409E8-025D-43C6-AC07-84499866EFE8}.Static ANSI Debug.ActiveCfg = Static ANSI Debug|Win32
		{0C8409E8-025D-43C6-AC07-84499866EFE8}.Static ANSI Debug.Build.0 = Static ANSI Debug|Win32
		{0C8409E8-025D-43C6-AC07-84499866EFE8}.Static ANSI Release.ActiveCfg = Static ANSI Release|Win32
		{0C8409E8-025D-43C6-AC07-84499866EFE8}.Static ANSI Release.Build.0 = Static ANSI Release|Win32
		{0C8409E8-025D-43C6-AC07-84499866EFE8}.Static ANSI Release with MFC DLL.ActiveCfg = Static ANSI Release with MFC DLL|Win32
		{0C8409E8-025D-43C6-AC07-84499866EFE8}.Static ANSI Release with MFC DLL.Build.0 = Static ANSI Release with MFC DLL|Win32
		{0C8409E8-025D-43C6-AC07-84499866EFE8}.Static MBCS Debug.ActiveCfg = Static MBCS Debug|Win32
		{0C8409E8-025D-43C6-AC07-84499866EFE8}.Static MBCS Debug.Build.0 = Static MBCS Debug|Win32
		{0C8409E8-025D-43C6-AC07-84499866EFE8}.Static MBCS Debug with MFC DLL.ActiveCfg = Static MBCS Debug with MFC DLL|Win32
		{0C8409E8-025D-43C6-AC07-84499866EFE8}.Static MBCS Debug with MFC DLL.Build.0 = Static MBCS Debug with MFC DLL|Win32
		{0C8409E8-025D-43C6-AC07-84499866EFE8}.Static MBCS Release.ActiveCfg = Static MBCS Release|Win32
		{0C8409E8-025D-43C6-AC07-84499866EFE8}.Static MBCS Release.Build.0 = Static MBCS Release|Win32
		{0C8409E8-025D-43C6-AC07-84499866EFE8}.Static MBCS Release with MFC DLL.ActiveCfg = Static MBCS Release with MFC DLL|Win32
		{0C8409E8-025D-43C6-AC07-84499866EFE8}.Static MBCS Release with MFC DLL.Build.0 = Static MBCS Release with MFC DLL|Win32
		{0C8409E8-025D-43C6-AC07-84499866EFE8}.Static Unicode Debug.ActiveCfg = Static Unicode Debug|Win32
		{0C8409E8-025D-43C6-AC07-84499866EFE8}.Static Unicode Debug.Build.0 = Static Unicode Debug|Win32
		{0C8409E8-025D-43C6-AC07-84499866EFE8}.Static Unicode Release.ActiveCfg = Static Unicode Release|Win32
		{0C8409E8-025D-43C6-AC07-84499866EFE8}.Static Unicode Release.Build.0 = Static Unicode Release|Win32
		{0C8409E8-025D-43C6-AC07-84499866EFE8}.Unicode Debug.ActiveCfg = Static Unicode Debug with MFC DLL|Win32
		{0C8409E8-025D-43C6-AC07-84499866EFE8}.Unicode Debug.Build.0 = Static Unicode Debug with MFC DLL|Win32
		{0C8409E8-025D-43C6-AC07-84499866EFE8}.Unicode Release.ActiveCfg = Static Unicode Release with MFC DLL|Win32
		{0C8409E8-025D-43C6-AC07-84499866EFE8}.Unicode Release.Build.0 = Static Unicode Release with MFC DLL|Win32
		{99112C24-7FB3-44F1-8AE9-DF34EC397836}.ANSI Debug.ActiveCfg = ANSI Debug|Win32
		{99112C24-7FB3-44F1-8AE9-DF34EC397836}.ANSI Debug.Build.0 = ANSI Debug|Win32
		{99112C24-7FB3-44F1-8AE9-DF34EC397836}.ANSI Release.ActiveCfg = ANSI Release|Win32
		{99112C24-7FB3-44F1-8AE9-DF34EC397836}.ANSI Release.Build.0 = ANSI Release|Win32
		{99112C24-7FB3-44F1-8AE9-DF34EC397836}.MBCS Debug.ActiveCfg = MBCS Debug|Win32
		{99112C24-7FB3-44F1-8AE9-DF34EC397836}.MBCS Debug.Build.0 = MBCS Debug|Win32
		{99112C24-7FB3-44F1-8AE9-DF34EC397836}.MBCS Release.ActiveCfg = MBCS Release|Win32
		{99112C24-7FB3-44F1-8AE9-DF34EC397836}.MBCS Release.Build.0 = MBCS Release|Win32
		{99112C24-7FB3-44F1-8AE9-DF34EC397836}.Static ANSI Debug.ActiveCfg = Static ANSI Debug|Win32
		{99112C24-7FB3-44F1-8AE9-DF34EC397836}.Static ANSI Debug.Build.0 = Static ANSI Debug|Win32
		{99112C24-7FB3-44F1-8AE9-DF34EC397836}.Static ANSI Release.ActiveCfg = Static ANSI Release|Win32
		{99112C24-7FB3-44F1-8AE9-DF34EC397836}.Static ANSI Release.Build.0 = Static ANSI Release|Win32
		{99112C24-7FB3-44F1-8AE9-DF34EC397836}.Static ANSI Release with MFC DLL.ActiveCfg = Static ANSI Release with MFC DLL|Win32
		{99112C24-7FB3-44F1-8AE9-DF34EC397836}.Static ANSI Release with MFC DLL.Build.0 = Static ANSI Release with MFC DLL|Win32
		{99112C24-7FB3-44F1-8AE9-DF34EC397836}.Static MBCS Debug.ActiveCfg = Static MBCS Debug|Win32
		{99112C24-7FB3-44F1-8AE9-DF34EC397836}.Static MBCS Debug.Build.0 = Static MBCS Debug|Win32
		{99112C24-7FB3-44F1-8AE9-DF34EC397836}.Static MBCS Debug with MFC DLL.ActiveCfg = Static MBCS Debug with MFC DLL|Win32
		{99112C24-7FB3-44F1-8AE9-DF34EC397836}.Static MBCS Debug with MFC DLL.Build.0 = Static MBCS Debug with MFC DLL|Win32
		{99112C24-7FB3-44F1-8AE9-DF34EC397836}.Static MBCS Release.ActiveCfg = Static MBCS Release|Win32
		{99112C24-7FB3-44F1-8AE9-DF34EC397836}.Static MBCS Release.Build.0 = Static MBCS Release|Win32
		{99112C24-7FB3-44F1-8AE9-DF34EC397836}.Static MBCS Release with MFC DLL.ActiveCfg = Static MBCS Release with MFC DLL|Win32
		{99112C24-7FB3-44F1-8AE9-DF34EC397836}.Static MBCS Release with MFC DLL.Build.0 = Static MBCS Release with MFC DLL|Win32
		{99112C24-7FB3-44F1-8AE9-DF34EC397836}.Static Unicode Debug.ActiveCfg = Static Unicode Debug|Win32
		{99112C24-7FB3-44F1-8AE9-DF34EC397836}.Static Unicode Debug.Build.0 = Static Unicode Debug|Win32
		{99112C24-7FB3-44F1-8AE9-DF34EC397836}.Static Unicode Release.ActiveCfg = Static Unicode Release|Win32
		{99112C24-7FB3-44F1-8AE9-DF34EC397836}.Static Unicode Release.Build.0 = Static Unicode Release|Win32
		{99112C24-7FB3-44F1-8AE9-DF34EC397836}.Unicode Debug.ActiveCfg = Unicode Debug|Win32
		{99112C24-7FB3-44F1-8AE9-DF34EC397836}.Unicode Debug.Build.0 = Unicode Debug|Win32
		{99112C24-7FB3-44F1-8AE9-DF34EC397836}.Unicode Release.ActiveCfg = Unicode Release|Win32
		{99112C24-7FB3-44F1-8AE9-DF34EC397836}.Unicode Release.Build.0 = Unicode Release|Win32
		{7C5BE9BE-035F-4715-B900-0F0A363E4F43}.ANSI Debug.ActiveCfg = ANSI Debug|Win32
		{7C5BE9BE-035F-4715-B900-0F0A363E4F43}.ANSI Debug.Build.0 = ANSI Debug|Win32
		{7C5BE9BE-035F-4715-B900-0F0A363E4F43}.ANSI Release.ActiveCfg = ANSI Release|Win32
		{7C5BE9BE-035F-4715-B900-0F0A363E4F43}.ANSI Release.Build.0 = ANSI Release|Win32
		{7C5BE9BE-035F-4715-B900-0F0A363E4F43}.MBCS Debug.ActiveCfg = MBCS Debug|Win32
		{7C5BE9BE-035F-4715-B900-0F0A363E4F43}.MBCS Debug.Build.0 = MBCS Debug|Win32
		{7C5BE9BE-035F-4715-B900-0F0A363E4F43}.MBCS Release.ActiveCfg = MBCS Release|Win32
		{7C5BE9BE-035F-4715-B900-0F0A363E4F43}.MBCS Release.Build.0 = MBCS Release|Win32
		{7C5BE9BE-035F-4715-B900-0F0A363E4F43}.Static ANSI Debug.ActiveCfg = Static ANSI Debug|Win32
		{7C5BE9BE-035F-4715-B900-0F0A363E4F43}.Static ANSI Debug.Build.0 = Static ANSI Debug|Win32
		{7C5BE9BE-035F-4715-B900-0F0A363E4F43}.Static ANSI Release.ActiveCfg = Static ANSI Release|Win32
		{7C5BE9BE-035F-4715-B900-0F0A363E4F43}.Static ANSI Release.Build.0 = Static ANSI Release|Win32
		{7C5BE9BE-035F-4715-B900-0F0A363E4F43}.Static ANSI Release with MFC DLL.ActiveCfg = Static ANSI Release with MFC DLL|Win32
		{7C5BE9BE-035F-4715-B900-0F0A363E4F43}.Static ANSI Release with MFC DLL.Build.0 = Static ANSI Release with MFC DLL|Win32
		{7C5BE9BE-035F-4715-B900-0F0A363E4F43}.Static MBCS Debug.ActiveCfg = Static MBCS Debug|Win32
		{7C5BE9BE-035F-4715-B900-0F0A363E4F43}.Static MBCS Debug.Build.0 = Static MBCS Debug|Win32
		{7C5BE9BE-035F-4715-B900-0F0A363E4F43}.Static MBCS Debug with MFC DLL.ActiveCfg = Static MBCS Debug with MFC DLL|Win32
		{7C5BE9BE-035F-4715-B900-0F0A363E4F43}.Static MBCS Debug with MFC DLL.Build.0 = Static MBCS Debug with MFC DLL|Win32
		{7C5BE9BE-035F-4715-B900-0F0A363E4F43}.Static MBCS Release.ActiveCfg = Static MBCS Release|Win32
		{7C5BE9BE-035F-4715-B900-0F0A363E4F43}.Static MBCS Release.Build.0 = Static MBCS Release|Win32
		{7C5BE9BE-035F-4715-B900-0F0A363E4F43}.Static MBCS Release with MFC DLL.ActiveCfg = Static MBCS Release with MFC DLL|Win32
		{7C5BE9BE-035F-4715-B900-0F0A363E4F43}.Static MBCS Release with MFC DLL.Build.0 = Static MBCS Release with MFC DLL|Win32
		{7C5BE9BE-035F-4715-B900-0F0A363E4F43}.Static Unicode Debug.ActiveCfg = Static Unicode Debug|Win32
		{7C5BE9BE-035F-4715-B900-0F0A363E4F43}.Static Unicode Debug.Build.0 = Static Unicode Debug|Win32
		{7C5BE9BE-035F-4715-B900-0F0A363E4F43}.Static Unicode Release.ActiveCfg = Static Unicode Release|Win32
		{7C5BE9BE-035F-4715-B900-0F0A363E4F43}.Static Unicode Release.Build.0 = Static Unicode Release|Win32
		{7C5BE9BE-035F-4715-B900-0F0A363E4F43}.Unicode Debug.ActiveCfg = Unicode Debug|Win32
		{7C5BE9BE-035F-4715-B900-0F0A363E4F43}.Unicode Debug.Build.0 = Unicode Debug|Win32
		{7C5BE9BE-035F-4715-B900-0F0A363E4F43}.Unicode Release.ActiveCfg = Unicode Release|Win32
		{7C5BE9BE-035F-4715-B900-0F0A363E4F43}.Unicode Release.Build.0 = Unicode Release|Win32
	EndGlobalSection
	GlobalSection(ExtensibilityGlobals) = postSolution
	EndGlobalSection
	GlobalSection(ExtensibilityAddIns) = postSolution
	EndGlobalSection
	GlobalSection(DevPartner) = postSolution
	EndGlobalSection
	GlobalSection(DevPartner) = postSolution
	EndGlobalSection
	GlobalSection(DevPartner) = postSolution
	EndGlobalSection
	GlobalSection(DevPartner) = postSolution
	EndGlobalSection
	GlobalSection(DevPartner) = postSolution
	EndGlobalSection
	GlobalSection(DevPartner) = postSolution
	EndGlobalSection
EndGlobal
